// !$*UTF8*$!
{
	archiveVersion = 1;
	classes = {
	};
	objectVersion = 46;
	objects = {

/* Begin PBXBuildFile section */
		4C7562BD1C5C7EDE00B1FC01 /* GameController.swift in Sources */ = {isa = PBXBuildFile; fileRef = 4C7562BC1C5C7EDE00B1FC01 /* GameController.swift */; };
		4C7562C31C5C859400B1FC01 /* GameController.framework in Frameworks */ = {isa = PBXBuildFile; fileRef = 4C7562C21C5C859300B1FC01 /* GameController.framework */; };
		4C7562C41C5CFE7700B1FC01 /* ControllerInput.swift in Sources */ = {isa = PBXBuildFile; fileRef = 4C7562C01C5C856B00B1FC01 /* ControllerInput.swift */; };
		4C7562C51C5CFED400B1FC01 /* VirtualGameController.framework in Frameworks */ = {isa = PBXBuildFile; fileRef = C362A1AE1C5C73D4004667EF /* VirtualGameController.framework */; };
		4C7562F21C5D268500B1FC01 /* BeatingGatesCommon.h in Headers */ = {isa = PBXBuildFile; fileRef = 4C7562F11C5D268500B1FC01 /* BeatingGatesCommon.h */; settings = {ATTRIBUTES = (Public, ); }; };
		4C7562F91C5D268500B1FC01 /* BeatingGatesCommon.framework in Frameworks */ = {isa = PBXBuildFile; fileRef = 4C7562EF1C5D268500B1FC01 /* BeatingGatesCommon.framework */; };
		4C7563001C5D268500B1FC01 /* BeatingGatesCommonTests.swift in Sources */ = {isa = PBXBuildFile; fileRef = 4C7562FF1C5D268500B1FC01 /* BeatingGatesCommonTests.swift */; };
		4C7563041C5D268500B1FC01 /* BeatingGatesCommon.framework in Frameworks */ = {isa = PBXBuildFile; fileRef = 4C7562EF1C5D268500B1FC01 /* BeatingGatesCommon.framework */; };
		4C7563051C5D268500B1FC01 /* BeatingGatesCommon.framework in Embed Frameworks */ = {isa = PBXBuildFile; fileRef = 4C7562EF1C5D268500B1FC01 /* BeatingGatesCommon.framework */; settings = {ATTRIBUTES = (CodeSignOnCopy, RemoveHeadersOnCopy, ); }; };
		4C75630D1C5D2B0500B1FC01 /* BeatingGatesCommon.framework in Frameworks */ = {isa = PBXBuildFile; fileRef = 4C7562EF1C5D268500B1FC01 /* BeatingGatesCommon.framework */; };
		4C7563111C5D2B5A00B1FC01 /* BeatingGatesCommon.framework in Embed Frameworks */ = {isa = PBXBuildFile; fileRef = 4C7562EF1C5D268500B1FC01 /* BeatingGatesCommon.framework */; settings = {ATTRIBUTES = (CodeSignOnCopy, RemoveHeadersOnCopy, ); }; };
		C362A1771C5C6AF9004667EF /* AppDelegate.swift in Sources */ = {isa = PBXBuildFile; fileRef = C362A1761C5C6AF9004667EF /* AppDelegate.swift */; };
		C362A1791C5C6AF9004667EF /* ViewController.swift in Sources */ = {isa = PBXBuildFile; fileRef = C362A1781C5C6AF9004667EF /* ViewController.swift */; };
		C362A17C1C5C6AF9004667EF /* Main.storyboard in Resources */ = {isa = PBXBuildFile; fileRef = C362A17A1C5C6AF9004667EF /* Main.storyboard */; };
		C362A17E1C5C6AF9004667EF /* Assets.xcassets in Resources */ = {isa = PBXBuildFile; fileRef = C362A17D1C5C6AF9004667EF /* Assets.xcassets */; };
		C362A1891C5C6AFA004667EF /* The_Beating_of_the_GatesTests.swift in Sources */ = {isa = PBXBuildFile; fileRef = C362A1881C5C6AFA004667EF /* The_Beating_of_the_GatesTests.swift */; };
		C362A1941C5C6AFA004667EF /* The_Beating_of_the_GatesUITests.swift in Sources */ = {isa = PBXBuildFile; fileRef = C362A1931C5C6AFA004667EF /* The_Beating_of_the_GatesUITests.swift */; };
		C362A1AD1C5C73CE004667EF /* VirtualGameController.framework in Frameworks */ = {isa = PBXBuildFile; fileRef = C362A1AC1C5C73CE004667EF /* VirtualGameController.framework */; };
		C3F473DF1C5C5FD300B70519 /* AppDelegate.swift in Sources */ = {isa = PBXBuildFile; fileRef = C3F473DE1C5C5FD300B70519 /* AppDelegate.swift */; };
		C3F473E11C5C5FD300B70519 /* ViewController.swift in Sources */ = {isa = PBXBuildFile; fileRef = C3F473E01C5C5FD300B70519 /* ViewController.swift */; };
		C3F473E41C5C5FD300B70519 /* Main.storyboard in Resources */ = {isa = PBXBuildFile; fileRef = C3F473E21C5C5FD300B70519 /* Main.storyboard */; };
		C3F473E61C5C5FD300B70519 /* Assets.xcassets in Resources */ = {isa = PBXBuildFile; fileRef = C3F473E51C5C5FD300B70519 /* Assets.xcassets */; };
		C3F473E91C5C5FD300B70519 /* LaunchScreen.storyboard in Resources */ = {isa = PBXBuildFile; fileRef = C3F473E71C5C5FD300B70519 /* LaunchScreen.storyboard */; };
		C3F473F41C5C5FD300B70519 /* The_Beating_at_the_GatesTests.swift in Sources */ = {isa = PBXBuildFile; fileRef = C3F473F31C5C5FD300B70519 /* The_Beating_at_the_GatesTests.swift */; };
		C3F473FF1C5C5FD300B70519 /* The_Beating_at_the_GatesUITests.swift in Sources */ = {isa = PBXBuildFile; fileRef = C3F473FE1C5C5FD300B70519 /* The_Beating_at_the_GatesUITests.swift */; };
		C3FFF3CA1C5D06D1009961A5 /* CMUnistrokeGestureRecognizer.framework in Frameworks */ = {isa = PBXBuildFile; fileRef = C3FFF3C31C5D06D1009961A5 /* CMUnistrokeGestureRecognizer.framework */; };
		C3FFF3CC1C5D06D1009961A5 /* CMUnistrokeGestureRecognizer.framework in Embed Frameworks */ = {isa = PBXBuildFile; fileRef = C3FFF3C31C5D06D1009961A5 /* CMUnistrokeGestureRecognizer.framework */; settings = {ATTRIBUTES = (CodeSignOnCopy, RemoveHeadersOnCopy, ); }; };
		C3FFF3D41C5D073B009961A5 /* CMUnistrokeGestureRecognizer.h in Headers */ = {isa = PBXBuildFile; fileRef = C3FFF3D01C5D073B009961A5 /* CMUnistrokeGestureRecognizer.h */; settings = {ATTRIBUTES = (Public, ); }; };
		C3FFF3D51C5D073B009961A5 /* CMUnistrokeGestureRecognizer.m in Sources */ = {isa = PBXBuildFile; fileRef = C3FFF3D11C5D073B009961A5 /* CMUnistrokeGestureRecognizer.m */; };
		C3FFF3D61C5D073B009961A5 /* CMUnistrokeGestureResult.h in Headers */ = {isa = PBXBuildFile; fileRef = C3FFF3D21C5D073B009961A5 /* CMUnistrokeGestureResult.h */; settings = {ATTRIBUTES = (Public, ); }; };
		C3FFF3D71C5D073B009961A5 /* CMUnistrokeGestureResult.m in Sources */ = {isa = PBXBuildFile; fileRef = C3FFF3D31C5D073B009961A5 /* CMUnistrokeGestureResult.m */; };
		C3FFF3DE1C5D0760009961A5 /* CMUnistrokeRecognizer.c in Sources */ = {isa = PBXBuildFile; fileRef = C3FFF3D91C5D0760009961A5 /* CMUnistrokeRecognizer.c */; };
		C3FFF3DF1C5D0760009961A5 /* CMUnistrokeRecognizer.h in Headers */ = {isa = PBXBuildFile; fileRef = C3FFF3DA1C5D0760009961A5 /* CMUnistrokeRecognizer.h */; };
		C3FFF3E01C5D0760009961A5 /* CMUnistrokeRecognizerPrivate.h in Headers */ = {isa = PBXBuildFile; fileRef = C3FFF3DB1C5D0760009961A5 /* CMUnistrokeRecognizerPrivate.h */; };
		C3FFF3E11C5D0760009961A5 /* CMUnistrokeRecognizerTypes.c in Sources */ = {isa = PBXBuildFile; fileRef = C3FFF3DC1C5D0760009961A5 /* CMUnistrokeRecognizerTypes.c */; };
		C3FFF3E21C5D0760009961A5 /* CMUnistrokeRecognizerTypes.h in Headers */ = {isa = PBXBuildFile; fileRef = C3FFF3DD1C5D0760009961A5 /* CMUnistrokeRecognizerTypes.h */; };
		C3FFF3EA1C5D08B6009961A5 /* CMUnistrokeGestureRecognizer-Prefix.pch in Headers */ = {isa = PBXBuildFile; fileRef = C3FFF3E91C5D08B6009961A5 /* CMUnistrokeGestureRecognizer-Prefix.pch */; };
		C3FFF3EC1C5D099D009961A5 /* Foundation.framework in Frameworks */ = {isa = PBXBuildFile; fileRef = C3FFF3EB1C5D099D009961A5 /* Foundation.framework */; };
		C3FFF3EE1C5D09A2009961A5 /* UIKit.framework in Frameworks */ = {isa = PBXBuildFile; fileRef = C3FFF3ED1C5D09A2009961A5 /* UIKit.framework */; };
		C3FFF3F01C5D09AA009961A5 /* GLKit.framework in Frameworks */ = {isa = PBXBuildFile; fileRef = C3FFF3EF1C5D09AA009961A5 /* GLKit.framework */; };
		C3FFF3F21C5D09B0009961A5 /* CoreGraphics.framework in Frameworks */ = {isa = PBXBuildFile; fileRef = C3FFF3F11C5D09B0009961A5 /* CoreGraphics.framework */; };
		C3FFF41A1C5D2C6A009961A5 /* TitleScene.swift in Sources */ = {isa = PBXBuildFile; fileRef = C3FFF4141C5D2129009961A5 /* TitleScene.swift */; };
		C3FFF41C1C5D2E77009961A5 /* TitleScene.sks in Resources */ = {isa = PBXBuildFile; fileRef = C3FFF4161C5D212E009961A5 /* TitleScene.sks */; };
		C3FFF41D1C5D2E7B009961A5 /* TitleScene.sks in Resources */ = {isa = PBXBuildFile; fileRef = C3FFF4161C5D212E009961A5 /* TitleScene.sks */; };
		C3FFF4201C5D4176009961A5 /* Game.xcassets in Resources */ = {isa = PBXBuildFile; fileRef = C3FFF4181C5D2146009961A5 /* Game.xcassets */; };
		C3FFF4211C5D4178009961A5 /* Game.xcassets in Resources */ = {isa = PBXBuildFile; fileRef = C3FFF4181C5D2146009961A5 /* Game.xcassets */; };
		C3FFF4241C5D4394009961A5 /* LaneNode.swift in Sources */ = {isa = PBXBuildFile; fileRef = C3FFF4221C5D4243009961A5 /* LaneNode.swift */; };
		C3FFF4291C5D448E009961A5 /* GridScene.swift in Sources */ = {isa = PBXBuildFile; fileRef = C3FFF4271C5D448A009961A5 /* GridScene.swift */; };
		C3FFF42A1C5D4492009961A5 /* GridScene.sks in Resources */ = {isa = PBXBuildFile; fileRef = C3FFF4251C5D4476009961A5 /* GridScene.sks */; };
		C3FFF4531C5DA2C9009961A5 /* BBGroover.h in Headers */ = {isa = PBXBuildFile; fileRef = C3FFF4521C5DA2C9009961A5 /* BBGroover.h */; settings = {ATTRIBUTES = (Public, ); }; };
		C3FFF4571C5DA2C9009961A5 /* BBGroover.framework in Frameworks */ = {isa = PBXBuildFile; fileRef = C3FFF4501C5DA2C9009961A5 /* BBGroover.framework */; };
		C3FFF4581C5DA2C9009961A5 /* BBGroover.framework in Embed Frameworks */ = {isa = PBXBuildFile; fileRef = C3FFF4501C5DA2C9009961A5 /* BBGroover.framework */; settings = {ATTRIBUTES = (CodeSignOnCopy, RemoveHeadersOnCopy, ); }; };
		C3FFF4651C5DA2D0009961A5 /* BBGroove.h in Headers */ = {isa = PBXBuildFile; fileRef = C3FFF45C1C5DA2D0009961A5 /* BBGroove.h */; };
		C3FFF4661C5DA2D0009961A5 /* BBGroove.m in Sources */ = {isa = PBXBuildFile; fileRef = C3FFF45D1C5DA2D0009961A5 /* BBGroove.m */; };
		C3FFF4671C5DA2D0009961A5 /* BBGroover.h in Headers */ = {isa = PBXBuildFile; fileRef = C3FFF45E1C5DA2D0009961A5 /* BBGroover.h */; };
		C3FFF4681C5DA2D0009961A5 /* BBGroover.m in Sources */ = {isa = PBXBuildFile; fileRef = C3FFF45F1C5DA2D0009961A5 /* BBGroover.m */; };
		C3FFF4691C5DA2D0009961A5 /* BBVoice.h in Headers */ = {isa = PBXBuildFile; fileRef = C3FFF4601C5DA2D0009961A5 /* BBVoice.h */; };
		C3FFF46A1C5DA2D0009961A5 /* BBVoice.m in Sources */ = {isa = PBXBuildFile; fileRef = C3FFF4611C5DA2D0009961A5 /* BBVoice.m */; };
		C3FFF46B1C5DA2D0009961A5 /* NSNumber+Utilities.h in Headers */ = {isa = PBXBuildFile; fileRef = C3FFF4631C5DA2D0009961A5 /* NSNumber+Utilities.h */; };
		C3FFF46C1C5DA2D0009961A5 /* NSNumber+Utilities.m in Sources */ = {isa = PBXBuildFile; fileRef = C3FFF4641C5DA2D0009961A5 /* NSNumber+Utilities.m */; };
/* End PBXBuildFile section */

/* Begin PBXContainerItemProxy section */
		4C7562FA1C5D268500B1FC01 /* PBXContainerItemProxy */ = {
			isa = PBXContainerItemProxy;
			containerPortal = C3F473D31C5C5FD300B70519 /* Project object */;
			proxyType = 1;
			remoteGlobalIDString = 4C7562EE1C5D268500B1FC01;
			remoteInfo = BeatingGatesCommon;
		};
		4C7562FC1C5D268500B1FC01 /* PBXContainerItemProxy */ = {
			isa = PBXContainerItemProxy;
			containerPortal = C3F473D31C5C5FD300B70519 /* Project object */;
			proxyType = 1;
			remoteGlobalIDString = C3F473DA1C5C5FD300B70519;
			remoteInfo = "The Beating at the Gates-iOS";
		};
		4C7563021C5D268500B1FC01 /* PBXContainerItemProxy */ = {
			isa = PBXContainerItemProxy;
			containerPortal = C3F473D31C5C5FD300B70519 /* Project object */;
			proxyType = 1;
			remoteGlobalIDString = 4C7562EE1C5D268500B1FC01;
			remoteInfo = BeatingGatesCommon;
		};
		4C75630E1C5D2B1D00B1FC01 /* PBXContainerItemProxy */ = {
			isa = PBXContainerItemProxy;
			containerPortal = C3F473D31C5C5FD300B70519 /* Project object */;
			proxyType = 1;
			remoteGlobalIDString = 4C7562EE1C5D268500B1FC01;
			remoteInfo = BeatingGatesCommon;
		};
		C362A1851C5C6AFA004667EF /* PBXContainerItemProxy */ = {
			isa = PBXContainerItemProxy;
			containerPortal = C3F473D31C5C5FD300B70519 /* Project object */;
			proxyType = 1;
			remoteGlobalIDString = C362A1731C5C6AF9004667EF;
			remoteInfo = "The Beating of the Gates";
		};
		C362A1901C5C6AFA004667EF /* PBXContainerItemProxy */ = {
			isa = PBXContainerItemProxy;
			containerPortal = C3F473D31C5C5FD300B70519 /* Project object */;
			proxyType = 1;
			remoteGlobalIDString = C362A1731C5C6AF9004667EF;
			remoteInfo = "The Beating of the Gates";
		};
		C3F473F01C5C5FD300B70519 /* PBXContainerItemProxy */ = {
			isa = PBXContainerItemProxy;
			containerPortal = C3F473D31C5C5FD300B70519 /* Project object */;
			proxyType = 1;
			remoteGlobalIDString = C3F473DA1C5C5FD300B70519;
			remoteInfo = "The Beating at the Gates";
		};
		C3F473FB1C5C5FD300B70519 /* PBXContainerItemProxy */ = {
			isa = PBXContainerItemProxy;
			containerPortal = C3F473D31C5C5FD300B70519 /* Project object */;
			proxyType = 1;
			remoteGlobalIDString = C3F473DA1C5C5FD300B70519;
			remoteInfo = "The Beating at the Gates";
		};
		C3FFF3C81C5D06D1009961A5 /* PBXContainerItemProxy */ = {
			isa = PBXContainerItemProxy;
			containerPortal = C3F473D31C5C5FD300B70519 /* Project object */;
			proxyType = 1;
			remoteGlobalIDString = C3FFF3C21C5D06D1009961A5;
			remoteInfo = CMUnistrokeGestureRecognizer;
		};
		C3FFF4551C5DA2C9009961A5 /* PBXContainerItemProxy */ = {
			isa = PBXContainerItemProxy;
			containerPortal = C3F473D31C5C5FD300B70519 /* Project object */;
			proxyType = 1;
			remoteGlobalIDString = C3FFF44F1C5DA2C9009961A5;
			remoteInfo = BBGroover;
		};
/* End PBXContainerItemProxy section */

/* Begin PBXCopyFilesBuildPhase section */
		4C7563121C5D2B5A00B1FC01 /* Embed Frameworks */ = {
			isa = PBXCopyFilesBuildPhase;
			buildActionMask = 2147483647;
			dstPath = "";
			dstSubfolderSpec = 10;
			files = (
				4C7563111C5D2B5A00B1FC01 /* BeatingGatesCommon.framework in Embed Frameworks */,
			);
			name = "Embed Frameworks";
			runOnlyForDeploymentPostprocessing = 0;
		};
		C3FFF3CB1C5D06D1009961A5 /* Embed Frameworks */ = {
			isa = PBXCopyFilesBuildPhase;
			buildActionMask = 2147483647;
			dstPath = "";
			dstSubfolderSpec = 10;
			files = (
				C3FFF4581C5DA2C9009961A5 /* BBGroover.framework in Embed Frameworks */,
				C3FFF3CC1C5D06D1009961A5 /* CMUnistrokeGestureRecognizer.framework in Embed Frameworks */,
				4C7563051C5D268500B1FC01 /* BeatingGatesCommon.framework in Embed Frameworks */,
			);
			name = "Embed Frameworks";
			runOnlyForDeploymentPostprocessing = 0;
		};
/* End PBXCopyFilesBuildPhase section */

/* Begin PBXFileReference section */
		4C7562BC1C5C7EDE00B1FC01 /* GameController.swift */ = {isa = PBXFileReference; fileEncoding = 4; lastKnownFileType = sourcecode.swift; path = GameController.swift; sourceTree = "<group>"; };
		4C7562C01C5C856B00B1FC01 /* ControllerInput.swift */ = {isa = PBXFileReference; fileEncoding = 4; lastKnownFileType = sourcecode.swift; path = ControllerInput.swift; sourceTree = "<group>"; };
		4C7562C21C5C859300B1FC01 /* GameController.framework */ = {isa = PBXFileReference; lastKnownFileType = wrapper.framework; name = GameController.framework; path = System/Library/Frameworks/GameController.framework; sourceTree = SDKROOT; };
		4C7562EF1C5D268500B1FC01 /* BeatingGatesCommon.framework */ = {isa = PBXFileReference; explicitFileType = wrapper.framework; includeInIndex = 0; path = BeatingGatesCommon.framework; sourceTree = BUILT_PRODUCTS_DIR; };
		4C7562F11C5D268500B1FC01 /* BeatingGatesCommon.h */ = {isa = PBXFileReference; lastKnownFileType = sourcecode.c.h; path = BeatingGatesCommon.h; sourceTree = "<group>"; };
		4C7562F31C5D268500B1FC01 /* Info.plist */ = {isa = PBXFileReference; lastKnownFileType = text.plist.xml; path = Info.plist; sourceTree = "<group>"; };
		4C7562F81C5D268500B1FC01 /* BeatingGatesCommonTests.xctest */ = {isa = PBXFileReference; explicitFileType = wrapper.cfbundle; includeInIndex = 0; path = BeatingGatesCommonTests.xctest; sourceTree = BUILT_PRODUCTS_DIR; };
		4C7562FF1C5D268500B1FC01 /* BeatingGatesCommonTests.swift */ = {isa = PBXFileReference; lastKnownFileType = sourcecode.swift; path = BeatingGatesCommonTests.swift; sourceTree = "<group>"; };
		4C7563011C5D268500B1FC01 /* Info.plist */ = {isa = PBXFileReference; lastKnownFileType = text.plist.xml; path = Info.plist; sourceTree = "<group>"; };
		C362A1741C5C6AF9004667EF /* The Beating of the Gates-tvOS.app */ = {isa = PBXFileReference; explicitFileType = wrapper.application; includeInIndex = 0; path = "The Beating of the Gates-tvOS.app"; sourceTree = BUILT_PRODUCTS_DIR; };
		C362A1761C5C6AF9004667EF /* AppDelegate.swift */ = {isa = PBXFileReference; lastKnownFileType = sourcecode.swift; path = AppDelegate.swift; sourceTree = "<group>"; };
		C362A1781C5C6AF9004667EF /* ViewController.swift */ = {isa = PBXFileReference; lastKnownFileType = sourcecode.swift; path = ViewController.swift; sourceTree = "<group>"; };
		C362A17B1C5C6AF9004667EF /* Base */ = {isa = PBXFileReference; lastKnownFileType = file.storyboard; name = Base; path = Base.lproj/Main.storyboard; sourceTree = "<group>"; };
		C362A17D1C5C6AF9004667EF /* Assets.xcassets */ = {isa = PBXFileReference; lastKnownFileType = folder.assetcatalog; path = Assets.xcassets; sourceTree = "<group>"; };
		C362A17F1C5C6AF9004667EF /* Info.plist */ = {isa = PBXFileReference; lastKnownFileType = text.plist.xml; path = Info.plist; sourceTree = "<group>"; };
		C362A1841C5C6AFA004667EF /* The Beating of the GatesTests-tvOS.xctest */ = {isa = PBXFileReference; explicitFileType = wrapper.cfbundle; includeInIndex = 0; path = "The Beating of the GatesTests-tvOS.xctest"; sourceTree = BUILT_PRODUCTS_DIR; };
		C362A1881C5C6AFA004667EF /* The_Beating_of_the_GatesTests.swift */ = {isa = PBXFileReference; lastKnownFileType = sourcecode.swift; path = The_Beating_of_the_GatesTests.swift; sourceTree = "<group>"; };
		C362A18A1C5C6AFA004667EF /* Info.plist */ = {isa = PBXFileReference; lastKnownFileType = text.plist.xml; path = Info.plist; sourceTree = "<group>"; };
		C362A18F1C5C6AFA004667EF /* The Beating of the GatesUITests-tvOS.xctest */ = {isa = PBXFileReference; explicitFileType = wrapper.cfbundle; includeInIndex = 0; path = "The Beating of the GatesUITests-tvOS.xctest"; sourceTree = BUILT_PRODUCTS_DIR; };
		C362A1931C5C6AFA004667EF /* The_Beating_of_the_GatesUITests.swift */ = {isa = PBXFileReference; lastKnownFileType = sourcecode.swift; path = The_Beating_of_the_GatesUITests.swift; sourceTree = "<group>"; };
		C362A1951C5C6AFA004667EF /* Info.plist */ = {isa = PBXFileReference; lastKnownFileType = text.plist.xml; path = Info.plist; sourceTree = "<group>"; };
		C362A1AC1C5C73CE004667EF /* VirtualGameController.framework */ = {isa = PBXFileReference; lastKnownFileType = wrapper.framework; name = VirtualGameController.framework; path = Carthage/Build/iOS/VirtualGameController.framework; sourceTree = SOURCE_ROOT; };
		C362A1AE1C5C73D4004667EF /* VirtualGameController.framework */ = {isa = PBXFileReference; lastKnownFileType = wrapper.framework; name = VirtualGameController.framework; path = Carthage/Build/tvOS/VirtualGameController.framework; sourceTree = SOURCE_ROOT; };
		C3F473DB1C5C5FD300B70519 /* The Beating at the Gates-iOS.app */ = {isa = PBXFileReference; explicitFileType = wrapper.application; includeInIndex = 0; path = "The Beating at the Gates-iOS.app"; sourceTree = BUILT_PRODUCTS_DIR; };
		C3F473DE1C5C5FD300B70519 /* AppDelegate.swift */ = {isa = PBXFileReference; lastKnownFileType = sourcecode.swift; path = AppDelegate.swift; sourceTree = "<group>"; };
		C3F473E01C5C5FD300B70519 /* ViewController.swift */ = {isa = PBXFileReference; lastKnownFileType = sourcecode.swift; path = ViewController.swift; sourceTree = "<group>"; };
		C3F473E31C5C5FD300B70519 /* Base */ = {isa = PBXFileReference; lastKnownFileType = file.storyboard; name = Base; path = Base.lproj/Main.storyboard; sourceTree = "<group>"; };
		C3F473E51C5C5FD300B70519 /* Assets.xcassets */ = {isa = PBXFileReference; lastKnownFileType = folder.assetcatalog; path = Assets.xcassets; sourceTree = "<group>"; };
		C3F473E81C5C5FD300B70519 /* Base */ = {isa = PBXFileReference; lastKnownFileType = file.storyboard; name = Base; path = Base.lproj/LaunchScreen.storyboard; sourceTree = "<group>"; };
		C3F473EA1C5C5FD300B70519 /* Info.plist */ = {isa = PBXFileReference; lastKnownFileType = text.plist.xml; path = Info.plist; sourceTree = "<group>"; };
		C3F473EF1C5C5FD300B70519 /* The Beating at the GatesTests-iOS.xctest */ = {isa = PBXFileReference; explicitFileType = wrapper.cfbundle; includeInIndex = 0; path = "The Beating at the GatesTests-iOS.xctest"; sourceTree = BUILT_PRODUCTS_DIR; };
		C3F473F31C5C5FD300B70519 /* The_Beating_at_the_GatesTests.swift */ = {isa = PBXFileReference; lastKnownFileType = sourcecode.swift; path = The_Beating_at_the_GatesTests.swift; sourceTree = "<group>"; };
		C3F473F51C5C5FD300B70519 /* Info.plist */ = {isa = PBXFileReference; lastKnownFileType = text.plist.xml; path = Info.plist; sourceTree = "<group>"; };
		C3F473FA1C5C5FD300B70519 /* The Beating at the GatesUITests-iOS.xctest */ = {isa = PBXFileReference; explicitFileType = wrapper.cfbundle; includeInIndex = 0; path = "The Beating at the GatesUITests-iOS.xctest"; sourceTree = BUILT_PRODUCTS_DIR; };
		C3F473FE1C5C5FD300B70519 /* The_Beating_at_the_GatesUITests.swift */ = {isa = PBXFileReference; lastKnownFileType = sourcecode.swift; path = The_Beating_at_the_GatesUITests.swift; sourceTree = "<group>"; };
		C3F474001C5C5FD300B70519 /* Info.plist */ = {isa = PBXFileReference; lastKnownFileType = text.plist.xml; path = Info.plist; sourceTree = "<group>"; };
		C3FFF3C31C5D06D1009961A5 /* CMUnistrokeGestureRecognizer.framework */ = {isa = PBXFileReference; explicitFileType = wrapper.framework; includeInIndex = 0; path = CMUnistrokeGestureRecognizer.framework; sourceTree = BUILT_PRODUCTS_DIR; };
		C3FFF3C71C5D06D1009961A5 /* Info.plist */ = {isa = PBXFileReference; lastKnownFileType = text.plist.xml; path = Info.plist; sourceTree = "<group>"; };
		C3FFF3D01C5D073B009961A5 /* CMUnistrokeGestureRecognizer.h */ = {isa = PBXFileReference; fileEncoding = 4; lastKnownFileType = sourcecode.c.h; path = CMUnistrokeGestureRecognizer.h; sourceTree = "<group>"; };
		C3FFF3D11C5D073B009961A5 /* CMUnistrokeGestureRecognizer.m */ = {isa = PBXFileReference; fileEncoding = 4; lastKnownFileType = sourcecode.c.objc; path = CMUnistrokeGestureRecognizer.m; sourceTree = "<group>"; };
		C3FFF3D21C5D073B009961A5 /* CMUnistrokeGestureResult.h */ = {isa = PBXFileReference; fileEncoding = 4; lastKnownFileType = sourcecode.c.h; path = CMUnistrokeGestureResult.h; sourceTree = "<group>"; };
		C3FFF3D31C5D073B009961A5 /* CMUnistrokeGestureResult.m */ = {isa = PBXFileReference; fileEncoding = 4; lastKnownFileType = sourcecode.c.objc; path = CMUnistrokeGestureResult.m; sourceTree = "<group>"; };
		C3FFF3D91C5D0760009961A5 /* CMUnistrokeRecognizer.c */ = {isa = PBXFileReference; fileEncoding = 4; lastKnownFileType = sourcecode.c.c; path = CMUnistrokeRecognizer.c; sourceTree = "<group>"; };
		C3FFF3DA1C5D0760009961A5 /* CMUnistrokeRecognizer.h */ = {isa = PBXFileReference; fileEncoding = 4; lastKnownFileType = sourcecode.c.h; path = CMUnistrokeRecognizer.h; sourceTree = "<group>"; };
		C3FFF3DB1C5D0760009961A5 /* CMUnistrokeRecognizerPrivate.h */ = {isa = PBXFileReference; fileEncoding = 4; lastKnownFileType = sourcecode.c.h; path = CMUnistrokeRecognizerPrivate.h; sourceTree = "<group>"; };
		C3FFF3DC1C5D0760009961A5 /* CMUnistrokeRecognizerTypes.c */ = {isa = PBXFileReference; fileEncoding = 4; lastKnownFileType = sourcecode.c.c; path = CMUnistrokeRecognizerTypes.c; sourceTree = "<group>"; };
		C3FFF3DD1C5D0760009961A5 /* CMUnistrokeRecognizerTypes.h */ = {isa = PBXFileReference; fileEncoding = 4; lastKnownFileType = sourcecode.c.h; path = CMUnistrokeRecognizerTypes.h; sourceTree = "<group>"; };
		C3FFF3E91C5D08B6009961A5 /* CMUnistrokeGestureRecognizer-Prefix.pch */ = {isa = PBXFileReference; fileEncoding = 4; lastKnownFileType = sourcecode.c.h; path = "CMUnistrokeGestureRecognizer-Prefix.pch"; sourceTree = "<group>"; };
		C3FFF3EB1C5D099D009961A5 /* Foundation.framework */ = {isa = PBXFileReference; lastKnownFileType = wrapper.framework; name = Foundation.framework; path = System/Library/Frameworks/Foundation.framework; sourceTree = SDKROOT; };
		C3FFF3ED1C5D09A2009961A5 /* UIKit.framework */ = {isa = PBXFileReference; lastKnownFileType = wrapper.framework; name = UIKit.framework; path = System/Library/Frameworks/UIKit.framework; sourceTree = SDKROOT; };
		C3FFF3EF1C5D09AA009961A5 /* GLKit.framework */ = {isa = PBXFileReference; lastKnownFileType = wrapper.framework; name = GLKit.framework; path = System/Library/Frameworks/GLKit.framework; sourceTree = SDKROOT; };
		C3FFF3F11C5D09B0009961A5 /* CoreGraphics.framework */ = {isa = PBXFileReference; lastKnownFileType = wrapper.framework; name = CoreGraphics.framework; path = System/Library/Frameworks/CoreGraphics.framework; sourceTree = SDKROOT; };
		C3FFF4141C5D2129009961A5 /* TitleScene.swift */ = {isa = PBXFileReference; fileEncoding = 4; lastKnownFileType = sourcecode.swift; name = TitleScene.swift; path = "../The Beating of the Gates/TitleScene.swift"; sourceTree = "<group>"; };
		C3FFF4161C5D212E009961A5 /* TitleScene.sks */ = {isa = PBXFileReference; lastKnownFileType = file.sks; name = TitleScene.sks; path = "The Beating of the Gates/TitleScene.sks"; sourceTree = "<group>"; };
		C3FFF4181C5D2146009961A5 /* Game.xcassets */ = {isa = PBXFileReference; lastKnownFileType = folder.assetcatalog; name = Game.xcassets; path = "The Beating of the Gates/Game.xcassets"; sourceTree = "<group>"; };
		C3FFF4221C5D4243009961A5 /* LaneNode.swift */ = {isa = PBXFileReference; fileEncoding = 4; lastKnownFileType = sourcecode.swift; path = LaneNode.swift; sourceTree = "<group>"; };
		C3FFF4251C5D4476009961A5 /* GridScene.sks */ = {isa = PBXFileReference; lastKnownFileType = file.sks; path = GridScene.sks; sourceTree = "<group>"; };
		C3FFF4271C5D448A009961A5 /* GridScene.swift */ = {isa = PBXFileReference; fileEncoding = 4; lastKnownFileType = sourcecode.swift; path = GridScene.swift; sourceTree = "<group>"; };
		C3FFF4501C5DA2C9009961A5 /* BBGroover.framework */ = {isa = PBXFileReference; explicitFileType = wrapper.framework; includeInIndex = 0; path = BBGroover.framework; sourceTree = BUILT_PRODUCTS_DIR; };
		C3FFF4521C5DA2C9009961A5 /* BBGroover.h */ = {isa = PBXFileReference; lastKnownFileType = sourcecode.c.h; path = BBGroover.h; sourceTree = "<group>"; };
		C3FFF4541C5DA2C9009961A5 /* Info.plist */ = {isa = PBXFileReference; lastKnownFileType = text.plist.xml; path = Info.plist; sourceTree = "<group>"; };
		C3FFF45C1C5DA2D0009961A5 /* BBGroove.h */ = {isa = PBXFileReference; fileEncoding = 4; lastKnownFileType = sourcecode.c.h; path = BBGroove.h; sourceTree = "<group>"; };
		C3FFF45D1C5DA2D0009961A5 /* BBGroove.m */ = {isa = PBXFileReference; fileEncoding = 4; lastKnownFileType = sourcecode.c.objc; path = BBGroove.m; sourceTree = "<group>"; };
		C3FFF45E1C5DA2D0009961A5 /* BBGroover.h */ = {isa = PBXFileReference; fileEncoding = 4; lastKnownFileType = sourcecode.c.h; path = BBGroover.h; sourceTree = "<group>"; };
		C3FFF45F1C5DA2D0009961A5 /* BBGroover.m */ = {isa = PBXFileReference; fileEncoding = 4; lastKnownFileType = sourcecode.c.objc; path = BBGroover.m; sourceTree = "<group>"; };
		C3FFF4601C5DA2D0009961A5 /* BBVoice.h */ = {isa = PBXFileReference; fileEncoding = 4; lastKnownFileType = sourcecode.c.h; path = BBVoice.h; sourceTree = "<group>"; };
		C3FFF4611C5DA2D0009961A5 /* BBVoice.m */ = {isa = PBXFileReference; fileEncoding = 4; lastKnownFileType = sourcecode.c.objc; path = BBVoice.m; sourceTree = "<group>"; };
		C3FFF4631C5DA2D0009961A5 /* NSNumber+Utilities.h */ = {isa = PBXFileReference; fileEncoding = 4; lastKnownFileType = sourcecode.c.h; path = "NSNumber+Utilities.h"; sourceTree = "<group>"; };
		C3FFF4641C5DA2D0009961A5 /* NSNumber+Utilities.m */ = {isa = PBXFileReference; fileEncoding = 4; lastKnownFileType = sourcecode.c.objc; path = "NSNumber+Utilities.m"; sourceTree = "<group>"; };
/* End PBXFileReference section */

/* Begin PBXFrameworksBuildPhase section */
		4C7562EB1C5D268500B1FC01 /* Frameworks */ = {
			isa = PBXFrameworksBuildPhase;
			buildActionMask = 2147483647;
			files = (
			);
			runOnlyForDeploymentPostprocessing = 0;
		};
		4C7562F51C5D268500B1FC01 /* Frameworks */ = {
			isa = PBXFrameworksBuildPhase;
			buildActionMask = 2147483647;
			files = (
				4C7562F91C5D268500B1FC01 /* BeatingGatesCommon.framework in Frameworks */,
			);
			runOnlyForDeploymentPostprocessing = 0;
		};
		C362A1711C5C6AF9004667EF /* Frameworks */ = {
			isa = PBXFrameworksBuildPhase;
			buildActionMask = 2147483647;
			files = (
				4C7562C51C5CFED400B1FC01 /* VirtualGameController.framework in Frameworks */,
				4C75630D1C5D2B0500B1FC01 /* BeatingGatesCommon.framework in Frameworks */,
			);
			runOnlyForDeploymentPostprocessing = 0;
		};
		C362A1811C5C6AFA004667EF /* Frameworks */ = {
			isa = PBXFrameworksBuildPhase;
			buildActionMask = 2147483647;
			files = (
			);
			runOnlyForDeploymentPostprocessing = 0;
		};
		C362A18C1C5C6AFA004667EF /* Frameworks */ = {
			isa = PBXFrameworksBuildPhase;
			buildActionMask = 2147483647;
			files = (
			);
			runOnlyForDeploymentPostprocessing = 0;
		};
		C3F473D81C5C5FD300B70519 /* Frameworks */ = {
			isa = PBXFrameworksBuildPhase;
			buildActionMask = 2147483647;
			files = (
				4C7562C31C5C859400B1FC01 /* GameController.framework in Frameworks */,
				C3FFF3CA1C5D06D1009961A5 /* CMUnistrokeGestureRecognizer.framework in Frameworks */,
				C362A1AD1C5C73CE004667EF /* VirtualGameController.framework in Frameworks */,
				4C7563041C5D268500B1FC01 /* BeatingGatesCommon.framework in Frameworks */,
				C3FFF4571C5DA2C9009961A5 /* BBGroover.framework in Frameworks */,
			);
			runOnlyForDeploymentPostprocessing = 0;
		};
		C3F473EC1C5C5FD300B70519 /* Frameworks */ = {
			isa = PBXFrameworksBuildPhase;
			buildActionMask = 2147483647;
			files = (
			);
			runOnlyForDeploymentPostprocessing = 0;
		};
		C3F473F71C5C5FD300B70519 /* Frameworks */ = {
			isa = PBXFrameworksBuildPhase;
			buildActionMask = 2147483647;
			files = (
			);
			runOnlyForDeploymentPostprocessing = 0;
		};
		C3FFF3BF1C5D06D1009961A5 /* Frameworks */ = {
			isa = PBXFrameworksBuildPhase;
			buildActionMask = 2147483647;
			files = (
				C3FFF3F21C5D09B0009961A5 /* CoreGraphics.framework in Frameworks */,
				C3FFF3F01C5D09AA009961A5 /* GLKit.framework in Frameworks */,
				C3FFF3EE1C5D09A2009961A5 /* UIKit.framework in Frameworks */,
				C3FFF3EC1C5D099D009961A5 /* Foundation.framework in Frameworks */,
			);
			runOnlyForDeploymentPostprocessing = 0;
		};
		C3FFF44C1C5DA2C9009961A5 /* Frameworks */ = {
			isa = PBXFrameworksBuildPhase;
			buildActionMask = 2147483647;
			files = (
			);
			runOnlyForDeploymentPostprocessing = 0;
		};
/* End PBXFrameworksBuildPhase section */

/* Begin PBXGroup section */
		4C7562B91C5C6B6800B1FC01 /* New Group */ = {
			isa = PBXGroup;
			children = (
			);
			name = "New Group";
			path = "../The Beating of the Gates";
			sourceTree = "<group>";
		};
		4C7562BA1C5C6B7900B1FC01 /* iOS */ = {
			isa = PBXGroup;
			children = (
				C3F473DD1C5C5FD300B70519 /* The Beating at the Gates */,
				C3F473F21C5C5FD300B70519 /* The Beating at the GatesTests */,
				C3F473FD1C5C5FD300B70519 /* The Beating at the GatesUITests */,
			);
			name = iOS;
			sourceTree = "<group>";
		};
		4C7562BB1C5C6B9B00B1FC01 /* tvOS */ = {
			isa = PBXGroup;
			children = (
				C362A1751C5C6AF9004667EF /* The Beating of the Gates */,
				C362A1871C5C6AFA004667EF /* The Beating of the GatesTests */,
				C362A1921C5C6AFA004667EF /* The Beating of the GatesUITests */,
			);
			name = tvOS;
			sourceTree = "<group>";
		};
		4C7562F01C5D268500B1FC01 /* BeatingGatesCommon */ = {
			isa = PBXGroup;
			children = (
				C3FFF4141C5D2129009961A5 /* TitleScene.swift */,
				C3FFF4221C5D4243009961A5 /* LaneNode.swift */,
				4C7562F11C5D268500B1FC01 /* BeatingGatesCommon.h */,
				4C7562F31C5D268500B1FC01 /* Info.plist */,
			);
			path = BeatingGatesCommon;
			sourceTree = "<group>";
		};
		4C7562FE1C5D268500B1FC01 /* BeatingGatesCommonTests */ = {
			isa = PBXGroup;
			children = (
				4C7562FF1C5D268500B1FC01 /* BeatingGatesCommonTests.swift */,
				4C7563011C5D268500B1FC01 /* Info.plist */,
			);
			path = BeatingGatesCommonTests;
			sourceTree = "<group>";
		};
		4C75630C1C5D268D00B1FC01 /* Common */ = {
			isa = PBXGroup;
			children = (
				C3FFF41E1C5D2E8A009961A5 /* Shared Resources */,
				4C7562F01C5D268500B1FC01 /* BeatingGatesCommon */,
				4C7562FE1C5D268500B1FC01 /* BeatingGatesCommonTests */,
			);
			name = Common;
			sourceTree = "<group>";
		};
		C362A1751C5C6AF9004667EF /* The Beating of the Gates */ = {
			isa = PBXGroup;
			children = (
				C362A1AA1C5C73B6004667EF /* Frameworks */,
				C362A1761C5C6AF9004667EF /* AppDelegate.swift */,
				4C7562C01C5C856B00B1FC01 /* ControllerInput.swift */,
				C362A1781C5C6AF9004667EF /* ViewController.swift */,
				C3FFF4251C5D4476009961A5 /* GridScene.sks */,
				C3FFF4271C5D448A009961A5 /* GridScene.swift */,
				C362A17A1C5C6AF9004667EF /* Main.storyboard */,
				C362A17D1C5C6AF9004667EF /* Assets.xcassets */,
				C362A17F1C5C6AF9004667EF /* Info.plist */,
			);
			path = "The Beating of the Gates";
			sourceTree = "<group>";
		};
		C362A1871C5C6AFA004667EF /* The Beating of the GatesTests */ = {
			isa = PBXGroup;
			children = (
				C362A1881C5C6AFA004667EF /* The_Beating_of_the_GatesTests.swift */,
				C362A18A1C5C6AFA004667EF /* Info.plist */,
			);
			path = "The Beating of the GatesTests";
			sourceTree = "<group>";
		};
		C362A1921C5C6AFA004667EF /* The Beating of the GatesUITests */ = {
			isa = PBXGroup;
			children = (
				C362A1931C5C6AFA004667EF /* The_Beating_of_the_GatesUITests.swift */,
				C362A1951C5C6AFA004667EF /* Info.plist */,
			);
			path = "The Beating of the GatesUITests";
			sourceTree = "<group>";
		};
		C362A1AA1C5C73B6004667EF /* Frameworks */ = {
			isa = PBXGroup;
			children = (
				4C7562C21C5C859300B1FC01 /* GameController.framework */,
				C362A1AE1C5C73D4004667EF /* VirtualGameController.framework */,
			);
			name = Frameworks;
			sourceTree = "<group>";
		};
		C362A1AB1C5C73BD004667EF /* Frameworks */ = {
			isa = PBXGroup;
			children = (
				C362A1AC1C5C73CE004667EF /* VirtualGameController.framework */,
			);
			name = Frameworks;
			sourceTree = "<group>";
		};
		C3F473D21C5C5FD300B70519 = {
			isa = PBXGroup;
			children = (
				4C7562BB1C5C6B9B00B1FC01 /* tvOS */,
				4C7562BA1C5C6B7900B1FC01 /* iOS */,
				4C75630C1C5D268D00B1FC01 /* Common */,
				C3FFF4491C5DA2A0009961A5 /* Vendor */,
				C3FFF4511C5DA2C9009961A5 /* BBGroover */,
				C3F473DC1C5C5FD300B70519 /* Products */,
			);
			sourceTree = "<group>";
		};
		C3F473DC1C5C5FD300B70519 /* Products */ = {
			isa = PBXGroup;
			children = (
				C3F473DB1C5C5FD300B70519 /* The Beating at the Gates-iOS.app */,
				C3F473EF1C5C5FD300B70519 /* The Beating at the GatesTests-iOS.xctest */,
				C3F473FA1C5C5FD300B70519 /* The Beating at the GatesUITests-iOS.xctest */,
				C362A1741C5C6AF9004667EF /* The Beating of the Gates-tvOS.app */,
				C362A1841C5C6AFA004667EF /* The Beating of the GatesTests-tvOS.xctest */,
				C362A18F1C5C6AFA004667EF /* The Beating of the GatesUITests-tvOS.xctest */,
				C3FFF3C31C5D06D1009961A5 /* CMUnistrokeGestureRecognizer.framework */,
				4C7562EF1C5D268500B1FC01 /* BeatingGatesCommon.framework */,
				4C7562F81C5D268500B1FC01 /* BeatingGatesCommonTests.xctest */,
				C3FFF4501C5DA2C9009961A5 /* BBGroover.framework */,
			);
			name = Products;
			sourceTree = "<group>";
		};
		C3F473DD1C5C5FD300B70519 /* The Beating at the Gates */ = {
			isa = PBXGroup;
			children = (
				C362A1AB1C5C73BD004667EF /* Frameworks */,
				C3F473DE1C5C5FD300B70519 /* AppDelegate.swift */,
				C3F473E01C5C5FD300B70519 /* ViewController.swift */,
				4C7562BC1C5C7EDE00B1FC01 /* GameController.swift */,
				C3F473E21C5C5FD300B70519 /* Main.storyboard */,
				C3F473E51C5C5FD300B70519 /* Assets.xcassets */,
				C3F473E71C5C5FD300B70519 /* LaunchScreen.storyboard */,
				C3F473EA1C5C5FD300B70519 /* Info.plist */,
			);
			path = "The Beating at the Gates";
			sourceTree = "<group>";
		};
		C3F473F21C5C5FD300B70519 /* The Beating at the GatesTests */ = {
			isa = PBXGroup;
			children = (
				C3F473F31C5C5FD300B70519 /* The_Beating_at_the_GatesTests.swift */,
				C3F473F51C5C5FD300B70519 /* Info.plist */,
			);
			path = "The Beating at the GatesTests";
			sourceTree = "<group>";
		};
		C3F473FD1C5C5FD300B70519 /* The Beating at the GatesUITests */ = {
			isa = PBXGroup;
			children = (
				4C7562B91C5C6B6800B1FC01 /* New Group */,
				C3F473FE1C5C5FD300B70519 /* The_Beating_at_the_GatesUITests.swift */,
				C3F474001C5C5FD300B70519 /* Info.plist */,
			);
			path = "The Beating at the GatesUITests";
			sourceTree = "<group>";
		};
		C3FFF3C41C5D06D1009961A5 /* CMUnistrokeGestureRecognizer */ = {
			isa = PBXGroup;
			children = (
				C3FFF3F11C5D09B0009961A5 /* CoreGraphics.framework */,
				C3FFF3EF1C5D09AA009961A5 /* GLKit.framework */,
				C3FFF3ED1C5D09A2009961A5 /* UIKit.framework */,
				C3FFF3EB1C5D099D009961A5 /* Foundation.framework */,
				C3FFF3E91C5D08B6009961A5 /* CMUnistrokeGestureRecognizer-Prefix.pch */,
				C3FFF3D01C5D073B009961A5 /* CMUnistrokeGestureRecognizer.h */,
				C3FFF3D11C5D073B009961A5 /* CMUnistrokeGestureRecognizer.m */,
				C3FFF3D21C5D073B009961A5 /* CMUnistrokeGestureResult.h */,
				C3FFF3D31C5D073B009961A5 /* CMUnistrokeGestureResult.m */,
				C3FFF3D81C5D0760009961A5 /* CMUnistrokeRecognizer */,
				C3FFF3C71C5D06D1009961A5 /* Info.plist */,
			);
			path = CMUnistrokeGestureRecognizer;
			sourceTree = "<group>";
		};
		C3FFF3D81C5D0760009961A5 /* CMUnistrokeRecognizer */ = {
			isa = PBXGroup;
			children = (
				C3FFF3D91C5D0760009961A5 /* CMUnistrokeRecognizer.c */,
				C3FFF3DA1C5D0760009961A5 /* CMUnistrokeRecognizer.h */,
				C3FFF3DB1C5D0760009961A5 /* CMUnistrokeRecognizerPrivate.h */,
				C3FFF3DC1C5D0760009961A5 /* CMUnistrokeRecognizerTypes.c */,
				C3FFF3DD1C5D0760009961A5 /* CMUnistrokeRecognizerTypes.h */,
			);
			path = CMUnistrokeRecognizer;
			sourceTree = "<group>";
		};
		C3FFF41E1C5D2E8A009961A5 /* Shared Resources */ = {
			isa = PBXGroup;
			children = (
				C3FFF4181C5D2146009961A5 /* Game.xcassets */,
				C3FFF4161C5D212E009961A5 /* TitleScene.sks */,
			);
			name = "Shared Resources";
			sourceTree = "<group>";
		};
		C3FFF4491C5DA2A0009961A5 /* Vendor */ = {
			isa = PBXGroup;
			children = (
				C3FFF44A1C5DA2AB009961A5 /* BBGroover */,
				C3FFF3C41C5D06D1009961A5 /* CMUnistrokeGestureRecognizer */,
			);
			name = Vendor;
			sourceTree = "<group>";
		};
		C3FFF44A1C5DA2AB009961A5 /* BBGroover */ = {
			isa = PBXGroup;
			children = (
				C3FFF45C1C5DA2D0009961A5 /* BBGroove.h */,
				C3FFF45D1C5DA2D0009961A5 /* BBGroove.m */,
				C3FFF45E1C5DA2D0009961A5 /* BBGroover.h */,
				C3FFF45F1C5DA2D0009961A5 /* BBGroover.m */,
				C3FFF4601C5DA2D0009961A5 /* BBVoice.h */,
				C3FFF4611C5DA2D0009961A5 /* BBVoice.m */,
				C3FFF4621C5DA2D0009961A5 /* Categories */,
			);
			name = BBGroover;
			sourceTree = "<group>";
		};
		C3FFF4511C5DA2C9009961A5 /* BBGroover */ = {
			isa = PBXGroup;
			children = (
				C3FFF4521C5DA2C9009961A5 /* BBGroover.h */,
				C3FFF4541C5DA2C9009961A5 /* Info.plist */,
			);
			path = BBGroover;
			sourceTree = "<group>";
		};
		C3FFF4621C5DA2D0009961A5 /* Categories */ = {
			isa = PBXGroup;
			children = (
				C3FFF4631C5DA2D0009961A5 /* NSNumber+Utilities.h */,
				C3FFF4641C5DA2D0009961A5 /* NSNumber+Utilities.m */,
			);
			path = Categories;
			sourceTree = "<group>";
		};
/* End PBXGroup section */

/* Begin PBXHeadersBuildPhase section */
		4C7562EC1C5D268500B1FC01 /* Headers */ = {
			isa = PBXHeadersBuildPhase;
			buildActionMask = 2147483647;
			files = (
				4C7562F21C5D268500B1FC01 /* BeatingGatesCommon.h in Headers */,
			);
			runOnlyForDeploymentPostprocessing = 0;
		};
		C3FFF3C01C5D06D1009961A5 /* Headers */ = {
			isa = PBXHeadersBuildPhase;
			buildActionMask = 2147483647;
			files = (
				C3FFF3E21C5D0760009961A5 /* CMUnistrokeRecognizerTypes.h in Headers */,
				C3FFF3D61C5D073B009961A5 /* CMUnistrokeGestureResult.h in Headers */,
				C3FFF3EA1C5D08B6009961A5 /* CMUnistrokeGestureRecognizer-Prefix.pch in Headers */,
				C3FFF3DF1C5D0760009961A5 /* CMUnistrokeRecognizer.h in Headers */,
				C3FFF3D41C5D073B009961A5 /* CMUnistrokeGestureRecognizer.h in Headers */,
				C3FFF3E01C5D0760009961A5 /* CMUnistrokeRecognizerPrivate.h in Headers */,
			);
			runOnlyForDeploymentPostprocessing = 0;
		};
		C3FFF44D1C5DA2C9009961A5 /* Headers */ = {
			isa = PBXHeadersBuildPhase;
			buildActionMask = 2147483647;
			files = (
				C3FFF4651C5DA2D0009961A5 /* BBGroove.h in Headers */,
				C3FFF4691C5DA2D0009961A5 /* BBVoice.h in Headers */,
				C3FFF4671C5DA2D0009961A5 /* BBGroover.h in Headers */,
				C3FFF46B1C5DA2D0009961A5 /* NSNumber+Utilities.h in Headers */,
				C3FFF4531C5DA2C9009961A5 /* BBGroover.h in Headers */,
			);
			runOnlyForDeploymentPostprocessing = 0;
		};
/* End PBXHeadersBuildPhase section */

/* Begin PBXNativeTarget section */
		4C7562EE1C5D268500B1FC01 /* BeatingGatesCommon */ = {
			isa = PBXNativeTarget;
			buildConfigurationList = 4C75630A1C5D268500B1FC01 /* Build configuration list for PBXNativeTarget "BeatingGatesCommon" */;
			buildPhases = (
				4C7562EA1C5D268500B1FC01 /* Sources */,
				4C7562EB1C5D268500B1FC01 /* Frameworks */,
				4C7562EC1C5D268500B1FC01 /* Headers */,
				4C7562ED1C5D268500B1FC01 /* Resources */,
			);
			buildRules = (
			);
			dependencies = (
			);
			name = BeatingGatesCommon;
			productName = BeatingGatesCommon;
			productReference = 4C7562EF1C5D268500B1FC01 /* BeatingGatesCommon.framework */;
			productType = "com.apple.product-type.framework";
		};
		4C7562F71C5D268500B1FC01 /* BeatingGatesCommonTests */ = {
			isa = PBXNativeTarget;
			buildConfigurationList = 4C75630B1C5D268500B1FC01 /* Build configuration list for PBXNativeTarget "BeatingGatesCommonTests" */;
			buildPhases = (
				4C7562F41C5D268500B1FC01 /* Sources */,
				4C7562F51C5D268500B1FC01 /* Frameworks */,
				4C7562F61C5D268500B1FC01 /* Resources */,
			);
			buildRules = (
			);
			dependencies = (
				4C7562FB1C5D268500B1FC01 /* PBXTargetDependency */,
				4C7562FD1C5D268500B1FC01 /* PBXTargetDependency */,
			);
			name = BeatingGatesCommonTests;
			productName = BeatingGatesCommonTests;
			productReference = 4C7562F81C5D268500B1FC01 /* BeatingGatesCommonTests.xctest */;
			productType = "com.apple.product-type.bundle.unit-test";
		};
		C362A1731C5C6AF9004667EF /* The Beating of the Gates-tvOS */ = {
			isa = PBXNativeTarget;
			buildConfigurationList = C362A19C1C5C6AFA004667EF /* Build configuration list for PBXNativeTarget "The Beating of the Gates-tvOS" */;
			buildPhases = (
				C362A1701C5C6AF9004667EF /* Sources */,
				C362A1711C5C6AF9004667EF /* Frameworks */,
				C362A1721C5C6AF9004667EF /* Resources */,
				C3FFF3731C5C7445009961A5 /* Copy Frameworks */,
				4C7563121C5D2B5A00B1FC01 /* Embed Frameworks */,
			);
			buildRules = (
			);
			dependencies = (
				4C75630F1C5D2B1D00B1FC01 /* PBXTargetDependency */,
			);
			name = "The Beating of the Gates-tvOS";
			productName = "The Beating of the Gates";
			productReference = C362A1741C5C6AF9004667EF /* The Beating of the Gates-tvOS.app */;
			productType = "com.apple.product-type.application";
		};
		C362A1831C5C6AFA004667EF /* The Beating of the GatesTests-tvOS */ = {
			isa = PBXNativeTarget;
			buildConfigurationList = C362A19D1C5C6AFA004667EF /* Build configuration list for PBXNativeTarget "The Beating of the GatesTests-tvOS" */;
			buildPhases = (
				C362A1801C5C6AFA004667EF /* Sources */,
				C362A1811C5C6AFA004667EF /* Frameworks */,
				C362A1821C5C6AFA004667EF /* Resources */,
			);
			buildRules = (
			);
			dependencies = (
				C362A1861C5C6AFA004667EF /* PBXTargetDependency */,
			);
			name = "The Beating of the GatesTests-tvOS";
			productName = "The Beating of the GatesTests";
			productReference = C362A1841C5C6AFA004667EF /* The Beating of the GatesTests-tvOS.xctest */;
			productType = "com.apple.product-type.bundle.unit-test";
		};
		C362A18E1C5C6AFA004667EF /* The Beating of the GatesUITests-tvOS */ = {
			isa = PBXNativeTarget;
			buildConfigurationList = C362A19E1C5C6AFA004667EF /* Build configuration list for PBXNativeTarget "The Beating of the GatesUITests-tvOS" */;
			buildPhases = (
				C362A18B1C5C6AFA004667EF /* Sources */,
				C362A18C1C5C6AFA004667EF /* Frameworks */,
				C362A18D1C5C6AFA004667EF /* Resources */,
			);
			buildRules = (
			);
			dependencies = (
				C362A1911C5C6AFA004667EF /* PBXTargetDependency */,
			);
			name = "The Beating of the GatesUITests-tvOS";
			productName = "The Beating of the GatesUITests";
			productReference = C362A18F1C5C6AFA004667EF /* The Beating of the GatesUITests-tvOS.xctest */;
			productType = "com.apple.product-type.bundle.ui-testing";
		};
		C3F473DA1C5C5FD300B70519 /* The Beating at the Gates-iOS */ = {
			isa = PBXNativeTarget;
			buildConfigurationList = C3F474031C5C5FD300B70519 /* Build configuration list for PBXNativeTarget "The Beating at the Gates-iOS" */;
			buildPhases = (
				C3F473D71C5C5FD300B70519 /* Sources */,
				C3F473D81C5C5FD300B70519 /* Frameworks */,
				C3F473D91C5C5FD300B70519 /* Resources */,
				C362A1B11C5C740E004667EF /* Copy Frameworks */,
				C3FFF3CB1C5D06D1009961A5 /* Embed Frameworks */,
			);
			buildRules = (
			);
			dependencies = (
				C3FFF3C91C5D06D1009961A5 /* PBXTargetDependency */,
				4C7563031C5D268500B1FC01 /* PBXTargetDependency */,
				C3FFF4561C5DA2C9009961A5 /* PBXTargetDependency */,
			);
			name = "The Beating at the Gates-iOS";
			productName = "The Beating at the Gates";
			productReference = C3F473DB1C5C5FD300B70519 /* The Beating at the Gates-iOS.app */;
			productType = "com.apple.product-type.application";
		};
		C3F473EE1C5C5FD300B70519 /* The Beating at the GatesTests-iOS */ = {
			isa = PBXNativeTarget;
			buildConfigurationList = C3F474061C5C5FD300B70519 /* Build configuration list for PBXNativeTarget "The Beating at the GatesTests-iOS" */;
			buildPhases = (
				C3F473EB1C5C5FD300B70519 /* Sources */,
				C3F473EC1C5C5FD300B70519 /* Frameworks */,
				C3F473ED1C5C5FD300B70519 /* Resources */,
			);
			buildRules = (
			);
			dependencies = (
				C3F473F11C5C5FD300B70519 /* PBXTargetDependency */,
			);
			name = "The Beating at the GatesTests-iOS";
			productName = "The Beating at the GatesTests";
			productReference = C3F473EF1C5C5FD300B70519 /* The Beating at the GatesTests-iOS.xctest */;
			productType = "com.apple.product-type.bundle.unit-test";
		};
		C3F473F91C5C5FD300B70519 /* The Beating at the GatesUITests-iOS */ = {
			isa = PBXNativeTarget;
			buildConfigurationList = C3F474091C5C5FD300B70519 /* Build configuration list for PBXNativeTarget "The Beating at the GatesUITests-iOS" */;
			buildPhases = (
				C3F473F61C5C5FD300B70519 /* Sources */,
				C3F473F71C5C5FD300B70519 /* Frameworks */,
				C3F473F81C5C5FD300B70519 /* Resources */,
			);
			buildRules = (
			);
			dependencies = (
				C3F473FC1C5C5FD300B70519 /* PBXTargetDependency */,
			);
			name = "The Beating at the GatesUITests-iOS";
			productName = "The Beating at the GatesUITests";
			productReference = C3F473FA1C5C5FD300B70519 /* The Beating at the GatesUITests-iOS.xctest */;
			productType = "com.apple.product-type.bundle.ui-testing";
		};
		C3FFF3C21C5D06D1009961A5 /* CMUnistrokeGestureRecognizer */ = {
			isa = PBXNativeTarget;
			buildConfigurationList = C3FFF3CD1C5D06D1009961A5 /* Build configuration list for PBXNativeTarget "CMUnistrokeGestureRecognizer" */;
			buildPhases = (
				C3FFF3BE1C5D06D1009961A5 /* Sources */,
				C3FFF3BF1C5D06D1009961A5 /* Frameworks */,
				C3FFF3C01C5D06D1009961A5 /* Headers */,
				C3FFF3C11C5D06D1009961A5 /* Resources */,
			);
			buildRules = (
			);
			dependencies = (
			);
			name = CMUnistrokeGestureRecognizer;
			productName = CMUnistrokeGestureRecognizer;
			productReference = C3FFF3C31C5D06D1009961A5 /* CMUnistrokeGestureRecognizer.framework */;
			productType = "com.apple.product-type.framework";
		};
		C3FFF44F1C5DA2C9009961A5 /* BBGroover */ = {
			isa = PBXNativeTarget;
			buildConfigurationList = C3FFF4591C5DA2C9009961A5 /* Build configuration list for PBXNativeTarget "BBGroover" */;
			buildPhases = (
				C3FFF44B1C5DA2C9009961A5 /* Sources */,
				C3FFF44C1C5DA2C9009961A5 /* Frameworks */,
				C3FFF44D1C5DA2C9009961A5 /* Headers */,
				C3FFF44E1C5DA2C9009961A5 /* Resources */,
			);
			buildRules = (
			);
			dependencies = (
			);
			name = BBGroover;
			productName = BBGroover;
			productReference = C3FFF4501C5DA2C9009961A5 /* BBGroover.framework */;
			productType = "com.apple.product-type.framework";
		};
/* End PBXNativeTarget section */

/* Begin PBXProject section */
		C3F473D31C5C5FD300B70519 /* Project object */ = {
			isa = PBXProject;
			attributes = {
				LastSwiftUpdateCheck = 0720;
				LastUpgradeCheck = 0720;
				ORGANIZATIONNAME = "Grant J. Butler";
				TargetAttributes = {
					4C7562EE1C5D268500B1FC01 = {
						CreatedOnToolsVersion = 7.2;
					};
					4C7562F71C5D268500B1FC01 = {
						CreatedOnToolsVersion = 7.2;
						TestTargetID = C3F473DA1C5C5FD300B70519;
					};
					C362A1731C5C6AF9004667EF = {
						CreatedOnToolsVersion = 7.2;
					};
					C362A1831C5C6AFA004667EF = {
						CreatedOnToolsVersion = 7.2;
						TestTargetID = C362A1731C5C6AF9004667EF;
					};
					C362A18E1C5C6AFA004667EF = {
						CreatedOnToolsVersion = 7.2;
						TestTargetID = C362A1731C5C6AF9004667EF;
					};
					C3F473DA1C5C5FD300B70519 = {
						CreatedOnToolsVersion = 7.2;
					};
					C3F473EE1C5C5FD300B70519 = {
						CreatedOnToolsVersion = 7.2;
						TestTargetID = C3F473DA1C5C5FD300B70519;
					};
					C3F473F91C5C5FD300B70519 = {
						CreatedOnToolsVersion = 7.2;
						TestTargetID = C3F473DA1C5C5FD300B70519;
					};
					C3FFF3C21C5D06D1009961A5 = {
						CreatedOnToolsVersion = 7.2;
					};
					C3FFF44F1C5DA2C9009961A5 = {
						CreatedOnToolsVersion = 7.2;
					};
				};
			};
			buildConfigurationList = C3F473D61C5C5FD300B70519 /* Build configuration list for PBXProject "The Beating at the Gates" */;
			compatibilityVersion = "Xcode 3.2";
			developmentRegion = English;
			hasScannedForEncodings = 0;
			knownRegions = (
				en,
				Base,
			);
			mainGroup = C3F473D21C5C5FD300B70519;
			productRefGroup = C3F473DC1C5C5FD300B70519 /* Products */;
			projectDirPath = "";
			projectRoot = "";
			targets = (
				C3F473DA1C5C5FD300B70519 /* The Beating at the Gates-iOS */,
				C3F473EE1C5C5FD300B70519 /* The Beating at the GatesTests-iOS */,
				C3F473F91C5C5FD300B70519 /* The Beating at the GatesUITests-iOS */,
				C362A1731C5C6AF9004667EF /* The Beating of the Gates-tvOS */,
				C362A1831C5C6AFA004667EF /* The Beating of the GatesTests-tvOS */,
				C362A18E1C5C6AFA004667EF /* The Beating of the GatesUITests-tvOS */,
				C3FFF3C21C5D06D1009961A5 /* CMUnistrokeGestureRecognizer */,
				4C7562EE1C5D268500B1FC01 /* BeatingGatesCommon */,
				4C7562F71C5D268500B1FC01 /* BeatingGatesCommonTests */,
				C3FFF44F1C5DA2C9009961A5 /* BBGroover */,
			);
		};
/* End PBXProject section */

/* Begin PBXResourcesBuildPhase section */
		4C7562ED1C5D268500B1FC01 /* Resources */ = {
			isa = PBXResourcesBuildPhase;
			buildActionMask = 2147483647;
			files = (
			);
			runOnlyForDeploymentPostprocessing = 0;
		};
		4C7562F61C5D268500B1FC01 /* Resources */ = {
			isa = PBXResourcesBuildPhase;
			buildActionMask = 2147483647;
			files = (
			);
			runOnlyForDeploymentPostprocessing = 0;
		};
		C362A1721C5C6AF9004667EF /* Resources */ = {
			isa = PBXResourcesBuildPhase;
			buildActionMask = 2147483647;
			files = (
				C362A17E1C5C6AF9004667EF /* Assets.xcassets in Resources */,
				C3FFF41C1C5D2E77009961A5 /* TitleScene.sks in Resources */,
				C362A17C1C5C6AF9004667EF /* Main.storyboard in Resources */,
				C3FFF4201C5D4176009961A5 /* Game.xcassets in Resources */,
				C3FFF42A1C5D4492009961A5 /* GridScene.sks in Resources */,
			);
			runOnlyForDeploymentPostprocessing = 0;
		};
		C362A1821C5C6AFA004667EF /* Resources */ = {
			isa = PBXResourcesBuildPhase;
			buildActionMask = 2147483647;
			files = (
			);
			runOnlyForDeploymentPostprocessing = 0;
		};
		C362A18D1C5C6AFA004667EF /* Resources */ = {
			isa = PBXResourcesBuildPhase;
			buildActionMask = 2147483647;
			files = (
			);
			runOnlyForDeploymentPostprocessing = 0;
		};
		C3F473D91C5C5FD300B70519 /* Resources */ = {
			isa = PBXResourcesBuildPhase;
			buildActionMask = 2147483647;
			files = (
				C3F473E91C5C5FD300B70519 /* LaunchScreen.storyboard in Resources */,
				C3FFF41D1C5D2E7B009961A5 /* TitleScene.sks in Resources */,
				C3F473E61C5C5FD300B70519 /* Assets.xcassets in Resources */,
				C3FFF4211C5D4178009961A5 /* Game.xcassets in Resources */,
				C3F473E41C5C5FD300B70519 /* Main.storyboard in Resources */,
			);
			runOnlyForDeploymentPostprocessing = 0;
		};
		C3F473ED1C5C5FD300B70519 /* Resources */ = {
			isa = PBXResourcesBuildPhase;
			buildActionMask = 2147483647;
			files = (
			);
			runOnlyForDeploymentPostprocessing = 0;
		};
		C3F473F81C5C5FD300B70519 /* Resources */ = {
			isa = PBXResourcesBuildPhase;
			buildActionMask = 2147483647;
			files = (
			);
			runOnlyForDeploymentPostprocessing = 0;
		};
		C3FFF3C11C5D06D1009961A5 /* Resources */ = {
			isa = PBXResourcesBuildPhase;
			buildActionMask = 2147483647;
			files = (
			);
			runOnlyForDeploymentPostprocessing = 0;
		};
		C3FFF44E1C5DA2C9009961A5 /* Resources */ = {
			isa = PBXResourcesBuildPhase;
			buildActionMask = 2147483647;
			files = (
			);
			runOnlyForDeploymentPostprocessing = 0;
		};
/* End PBXResourcesBuildPhase section */

/* Begin PBXShellScriptBuildPhase section */
		C362A1B11C5C740E004667EF /* Copy Frameworks */ = {
			isa = PBXShellScriptBuildPhase;
			buildActionMask = 2147483647;
			files = (
			);
			inputPaths = (
				"$(SRCROOT)/Carthage/Build/iOS/VirtualGameController.framework",
			);
			name = "Copy Frameworks";
			outputPaths = (
			);
			runOnlyForDeploymentPostprocessing = 0;
			shellPath = /bin/sh;
			shellScript = "/usr/local/bin/carthage copy-frameworks";
		};
		C3FFF3731C5C7445009961A5 /* Copy Frameworks */ = {
			isa = PBXShellScriptBuildPhase;
			buildActionMask = 2147483647;
			files = (
			);
			inputPaths = (
				"$(SRCROOT)/Carthage/Build/tvOS/VirtualGameController.framework",
			);
			name = "Copy Frameworks";
			outputPaths = (
			);
			runOnlyForDeploymentPostprocessing = 0;
			shellPath = /bin/sh;
			shellScript = "/usr/local/bin/carthage copy-frameworks";
		};
/* End PBXShellScriptBuildPhase section */

/* Begin PBXSourcesBuildPhase section */
		4C7562EA1C5D268500B1FC01 /* Sources */ = {
			isa = PBXSourcesBuildPhase;
			buildActionMask = 2147483647;
			files = (
				C3FFF41A1C5D2C6A009961A5 /* TitleScene.swift in Sources */,
				C3FFF4241C5D4394009961A5 /* LaneNode.swift in Sources */,
			);
			runOnlyForDeploymentPostprocessing = 0;
		};
		4C7562F41C5D268500B1FC01 /* Sources */ = {
			isa = PBXSourcesBuildPhase;
			buildActionMask = 2147483647;
			files = (
				4C7563001C5D268500B1FC01 /* BeatingGatesCommonTests.swift in Sources */,
			);
			runOnlyForDeploymentPostprocessing = 0;
		};
		C362A1701C5C6AF9004667EF /* Sources */ = {
			isa = PBXSourcesBuildPhase;
			buildActionMask = 2147483647;
			files = (
				C362A1791C5C6AF9004667EF /* ViewController.swift in Sources */,
				C362A1771C5C6AF9004667EF /* AppDelegate.swift in Sources */,
				C3FFF4291C5D448E009961A5 /* GridScene.swift in Sources */,
				4C7562C41C5CFE7700B1FC01 /* ControllerInput.swift in Sources */,
			);
			runOnlyForDeploymentPostprocessing = 0;
		};
		C362A1801C5C6AFA004667EF /* Sources */ = {
			isa = PBXSourcesBuildPhase;
			buildActionMask = 2147483647;
			files = (
				C362A1891C5C6AFA004667EF /* The_Beating_of_the_GatesTests.swift in Sources */,
			);
			runOnlyForDeploymentPostprocessing = 0;
		};
		C362A18B1C5C6AFA004667EF /* Sources */ = {
			isa = PBXSourcesBuildPhase;
			buildActionMask = 2147483647;
			files = (
				C362A1941C5C6AFA004667EF /* The_Beating_of_the_GatesUITests.swift in Sources */,
			);
			runOnlyForDeploymentPostprocessing = 0;
		};
		C3F473D71C5C5FD300B70519 /* Sources */ = {
			isa = PBXSourcesBuildPhase;
			buildActionMask = 2147483647;
			files = (
				C3F473E11C5C5FD300B70519 /* ViewController.swift in Sources */,
				4C7562BD1C5C7EDE00B1FC01 /* GameController.swift in Sources */,
				C3F473DF1C5C5FD300B70519 /* AppDelegate.swift in Sources */,
			);
			runOnlyForDeploymentPostprocessing = 0;
		};
		C3F473EB1C5C5FD300B70519 /* Sources */ = {
			isa = PBXSourcesBuildPhase;
			buildActionMask = 2147483647;
			files = (
				C3F473F41C5C5FD300B70519 /* The_Beating_at_the_GatesTests.swift in Sources */,
			);
			runOnlyForDeploymentPostprocessing = 0;
		};
		C3F473F61C5C5FD300B70519 /* Sources */ = {
			isa = PBXSourcesBuildPhase;
			buildActionMask = 2147483647;
			files = (
				C3F473FF1C5C5FD300B70519 /* The_Beating_at_the_GatesUITests.swift in Sources */,
			);
			runOnlyForDeploymentPostprocessing = 0;
		};
		C3FFF3BE1C5D06D1009961A5 /* Sources */ = {
			isa = PBXSourcesBuildPhase;
			buildActionMask = 2147483647;
			files = (
				C3FFF3D51C5D073B009961A5 /* CMUnistrokeGestureRecognizer.m in Sources */,
				C3FFF3DE1C5D0760009961A5 /* CMUnistrokeRecognizer.c in Sources */,
				C3FFF3E11C5D0760009961A5 /* CMUnistrokeRecognizerTypes.c in Sources */,
				C3FFF3D71C5D073B009961A5 /* CMUnistrokeGestureResult.m in Sources */,
			);
			runOnlyForDeploymentPostprocessing = 0;
		};
		C3FFF44B1C5DA2C9009961A5 /* Sources */ = {
			isa = PBXSourcesBuildPhase;
			buildActionMask = 2147483647;
			files = (
				C3FFF46C1C5DA2D0009961A5 /* NSNumber+Utilities.m in Sources */,
				C3FFF4681C5DA2D0009961A5 /* BBGroover.m in Sources */,
				C3FFF4661C5DA2D0009961A5 /* BBGroove.m in Sources */,
				C3FFF46A1C5DA2D0009961A5 /* BBVoice.m in Sources */,
			);
			runOnlyForDeploymentPostprocessing = 0;
		};
/* End PBXSourcesBuildPhase section */

/* Begin PBXTargetDependency section */
		4C7562FB1C5D268500B1FC01 /* PBXTargetDependency */ = {
			isa = PBXTargetDependency;
			target = 4C7562EE1C5D268500B1FC01 /* BeatingGatesCommon */;
			targetProxy = 4C7562FA1C5D268500B1FC01 /* PBXContainerItemProxy */;
		};
		4C7562FD1C5D268500B1FC01 /* PBXTargetDependency */ = {
			isa = PBXTargetDependency;
			target = C3F473DA1C5C5FD300B70519 /* The Beating at the Gates-iOS */;
			targetProxy = 4C7562FC1C5D268500B1FC01 /* PBXContainerItemProxy */;
		};
		4C7563031C5D268500B1FC01 /* PBXTargetDependency */ = {
			isa = PBXTargetDependency;
			target = 4C7562EE1C5D268500B1FC01 /* BeatingGatesCommon */;
			targetProxy = 4C7563021C5D268500B1FC01 /* PBXContainerItemProxy */;
		};
		4C75630F1C5D2B1D00B1FC01 /* PBXTargetDependency */ = {
			isa = PBXTargetDependency;
			target = 4C7562EE1C5D268500B1FC01 /* BeatingGatesCommon */;
			targetProxy = 4C75630E1C5D2B1D00B1FC01 /* PBXContainerItemProxy */;
		};
		C362A1861C5C6AFA004667EF /* PBXTargetDependency */ = {
			isa = PBXTargetDependency;
			target = C362A1731C5C6AF9004667EF /* The Beating of the Gates-tvOS */;
			targetProxy = C362A1851C5C6AFA004667EF /* PBXContainerItemProxy */;
		};
		C362A1911C5C6AFA004667EF /* PBXTargetDependency */ = {
			isa = PBXTargetDependency;
			target = C362A1731C5C6AF9004667EF /* The Beating of the Gates-tvOS */;
			targetProxy = C362A1901C5C6AFA004667EF /* PBXContainerItemProxy */;
		};
		C3F473F11C5C5FD300B70519 /* PBXTargetDependency */ = {
			isa = PBXTargetDependency;
			target = C3F473DA1C5C5FD300B70519 /* The Beating at the Gates-iOS */;
			targetProxy = C3F473F01C5C5FD300B70519 /* PBXContainerItemProxy */;
		};
		C3F473FC1C5C5FD300B70519 /* PBXTargetDependency */ = {
			isa = PBXTargetDependency;
			target = C3F473DA1C5C5FD300B70519 /* The Beating at the Gates-iOS */;
			targetProxy = C3F473FB1C5C5FD300B70519 /* PBXContainerItemProxy */;
		};
		C3FFF3C91C5D06D1009961A5 /* PBXTargetDependency */ = {
			isa = PBXTargetDependency;
			target = C3FFF3C21C5D06D1009961A5 /* CMUnistrokeGestureRecognizer */;
			targetProxy = C3FFF3C81C5D06D1009961A5 /* PBXContainerItemProxy */;
		};
		C3FFF4561C5DA2C9009961A5 /* PBXTargetDependency */ = {
			isa = PBXTargetDependency;
			target = C3FFF44F1C5DA2C9009961A5 /* BBGroover */;
			targetProxy = C3FFF4551C5DA2C9009961A5 /* PBXContainerItemProxy */;
		};
/* End PBXTargetDependency section */

/* Begin PBXVariantGroup section */
		C362A17A1C5C6AF9004667EF /* Main.storyboard */ = {
			isa = PBXVariantGroup;
			children = (
				C362A17B1C5C6AF9004667EF /* Base */,
			);
			name = Main.storyboard;
			sourceTree = "<group>";
		};
		C3F473E21C5C5FD300B70519 /* Main.storyboard */ = {
			isa = PBXVariantGroup;
			children = (
				C3F473E31C5C5FD300B70519 /* Base */,
			);
			name = Main.storyboard;
			sourceTree = "<group>";
		};
		C3F473E71C5C5FD300B70519 /* LaunchScreen.storyboard */ = {
			isa = PBXVariantGroup;
			children = (
				C3F473E81C5C5FD300B70519 /* Base */,
			);
			name = LaunchScreen.storyboard;
			sourceTree = "<group>";
		};
/* End PBXVariantGroup section */

/* Begin XCBuildConfiguration section */
		4C7563061C5D268500B1FC01 /* Debug */ = {
			isa = XCBuildConfiguration;
			buildSettings = {
				CODE_SIGN_IDENTITY = "iPhone Developer";
				CURRENT_PROJECT_VERSION = 1;
				DEFINES_MODULE = YES;
				DYLIB_COMPATIBILITY_VERSION = 1;
				DYLIB_CURRENT_VERSION = 1;
				DYLIB_INSTALL_NAME_BASE = "@rpath";
				INFOPLIST_FILE = BeatingGatesCommon/Info.plist;
				INSTALL_PATH = "$(LOCAL_LIBRARY_DIR)/Frameworks";
				LD_RUNPATH_SEARCH_PATHS = "$(inherited) @executable_path/Frameworks @loader_path/Frameworks";
				PRODUCT_BUNDLE_IDENTIFIER = me.selsky.BeatingGatesCommon;
				PRODUCT_NAME = "$(TARGET_NAME)";
				SKIP_INSTALL = YES;
				SUPPORTED_PLATFORMS = "iphonesimulator iphoneos appletvsimulator appletvos";
				VERSIONING_SYSTEM = "apple-generic";
				VERSION_INFO_PREFIX = "";
			};
			name = Debug;
		};
		4C7563071C5D268500B1FC01 /* Release */ = {
			isa = XCBuildConfiguration;
			buildSettings = {
				CODE_SIGN_IDENTITY = "iPhone Developer";
				CURRENT_PROJECT_VERSION = 1;
				DEFINES_MODULE = YES;
				DYLIB_COMPATIBILITY_VERSION = 1;
				DYLIB_CURRENT_VERSION = 1;
				DYLIB_INSTALL_NAME_BASE = "@rpath";
				INFOPLIST_FILE = BeatingGatesCommon/Info.plist;
				INSTALL_PATH = "$(LOCAL_LIBRARY_DIR)/Frameworks";
				LD_RUNPATH_SEARCH_PATHS = "$(inherited) @executable_path/Frameworks @loader_path/Frameworks";
				PRODUCT_BUNDLE_IDENTIFIER = me.selsky.BeatingGatesCommon;
				PRODUCT_NAME = "$(TARGET_NAME)";
				SKIP_INSTALL = YES;
				SUPPORTED_PLATFORMS = "iphonesimulator iphoneos appletvsimulator appletvos";
				VERSIONING_SYSTEM = "apple-generic";
				VERSION_INFO_PREFIX = "";
			};
			name = Release;
		};
		4C7563081C5D268500B1FC01 /* Debug */ = {
			isa = XCBuildConfiguration;
			buildSettings = {
				INFOPLIST_FILE = BeatingGatesCommonTests/Info.plist;
				LD_RUNPATH_SEARCH_PATHS = "$(inherited) @executable_path/Frameworks @loader_path/Frameworks";
				PRODUCT_BUNDLE_IDENTIFIER = me.selsky.BeatingGatesCommonTests;
				PRODUCT_NAME = "$(TARGET_NAME)";
				TEST_HOST = "$(BUILT_PRODUCTS_DIR)/The Beating at the Gates-iOS.app/The Beating at the Gates-iOS";
			};
			name = Debug;
		};
		4C7563091C5D268500B1FC01 /* Release */ = {
			isa = XCBuildConfiguration;
			buildSettings = {
				INFOPLIST_FILE = BeatingGatesCommonTests/Info.plist;
				LD_RUNPATH_SEARCH_PATHS = "$(inherited) @executable_path/Frameworks @loader_path/Frameworks";
				PRODUCT_BUNDLE_IDENTIFIER = me.selsky.BeatingGatesCommonTests;
				PRODUCT_NAME = "$(TARGET_NAME)";
				TEST_HOST = "$(BUILT_PRODUCTS_DIR)/The Beating at the Gates-iOS.app/The Beating at the Gates-iOS";
			};
			name = Release;
		};
		C362A1961C5C6AFA004667EF /* Debug */ = {
			isa = XCBuildConfiguration;
			buildSettings = {
				ASSETCATALOG_COMPILER_APPICON_NAME = "App Icon & Top Shelf Image";
				ASSETCATALOG_COMPILER_LAUNCHIMAGE_NAME = LaunchImage;
				CODE_SIGN_IDENTITY = "iPhone Developer";
				"CODE_SIGN_IDENTITY[sdk=appletvos*]" = "iPhone Developer";
				EMBEDDED_CONTENT_CONTAINS_SWIFT = YES;
				FRAMEWORK_SEARCH_PATHS = (
					"$(inherited)",
					"$(PROJECT_DIR)/Carthage/Build/tvOS",
				);
				INFOPLIST_FILE = "The Beating of the Gates/Info.plist";
				LD_RUNPATH_SEARCH_PATHS = "$(inherited) @executable_path/Frameworks";
				PRODUCT_BUNDLE_IDENTIFIER = "com.grantjbutler.The-Beating-of-the-Gates";
				PRODUCT_NAME = "$(TARGET_NAME)";
				PROVISIONING_PROFILE = "";
				SDKROOT = appletvos;
				TARGETED_DEVICE_FAMILY = 3;
				TVOS_DEPLOYMENT_TARGET = 9.1;
			};
			name = Debug;
		};
		C362A1971C5C6AFA004667EF /* Release */ = {
			isa = XCBuildConfiguration;
			buildSettings = {
				ASSETCATALOG_COMPILER_APPICON_NAME = "App Icon & Top Shelf Image";
				ASSETCATALOG_COMPILER_LAUNCHIMAGE_NAME = LaunchImage;
				CODE_SIGN_IDENTITY = "iPhone Developer";
				"CODE_SIGN_IDENTITY[sdk=appletvos*]" = "iPhone Developer";
				EMBEDDED_CONTENT_CONTAINS_SWIFT = YES;
				FRAMEWORK_SEARCH_PATHS = (
					"$(inherited)",
					"$(PROJECT_DIR)/Carthage/Build/tvOS",
				);
				INFOPLIST_FILE = "The Beating of the Gates/Info.plist";
				LD_RUNPATH_SEARCH_PATHS = "$(inherited) @executable_path/Frameworks";
				PRODUCT_BUNDLE_IDENTIFIER = "com.grantjbutler.The-Beating-of-the-Gates";
				PRODUCT_NAME = "$(TARGET_NAME)";
				PROVISIONING_PROFILE = "";
				SDKROOT = appletvos;
				TARGETED_DEVICE_FAMILY = 3;
				TVOS_DEPLOYMENT_TARGET = 9.1;
			};
			name = Release;
		};
		C362A1981C5C6AFA004667EF /* Debug */ = {
			isa = XCBuildConfiguration;
			buildSettings = {
				BUNDLE_LOADER = "$(TEST_HOST)";
				INFOPLIST_FILE = "The Beating of the GatesTests/Info.plist";
				LD_RUNPATH_SEARCH_PATHS = "$(inherited) @executable_path/Frameworks @loader_path/Frameworks";
				PRODUCT_BUNDLE_IDENTIFIER = "com.grantjbutler.The-Beating-of-the-GatesTests";
				PRODUCT_NAME = "$(TARGET_NAME)";
				SDKROOT = appletvos;
				TEST_HOST = "$(BUILT_PRODUCTS_DIR)/The Beating of the Gates.app/The Beating of the Gates";
				TVOS_DEPLOYMENT_TARGET = 9.1;
			};
			name = Debug;
		};
		C362A1991C5C6AFA004667EF /* Release */ = {
			isa = XCBuildConfiguration;
			buildSettings = {
				BUNDLE_LOADER = "$(TEST_HOST)";
				INFOPLIST_FILE = "The Beating of the GatesTests/Info.plist";
				LD_RUNPATH_SEARCH_PATHS = "$(inherited) @executable_path/Frameworks @loader_path/Frameworks";
				PRODUCT_BUNDLE_IDENTIFIER = "com.grantjbutler.The-Beating-of-the-GatesTests";
				PRODUCT_NAME = "$(TARGET_NAME)";
				SDKROOT = appletvos;
				TEST_HOST = "$(BUILT_PRODUCTS_DIR)/The Beating of the Gates.app/The Beating of the Gates";
				TVOS_DEPLOYMENT_TARGET = 9.1;
			};
			name = Release;
		};
		C362A19A1C5C6AFA004667EF /* Debug */ = {
			isa = XCBuildConfiguration;
			buildSettings = {
				INFOPLIST_FILE = "The Beating of the GatesUITests/Info.plist";
				LD_RUNPATH_SEARCH_PATHS = "$(inherited) @executable_path/Frameworks @loader_path/Frameworks";
				PRODUCT_BUNDLE_IDENTIFIER = "com.grantjbutler.The-Beating-of-the-GatesUITests";
				PRODUCT_NAME = "$(TARGET_NAME)";
				SDKROOT = appletvos;
				TEST_TARGET_NAME = "The Beating of the Gates";
				TVOS_DEPLOYMENT_TARGET = 9.1;
				USES_XCTRUNNER = YES;
			};
			name = Debug;
		};
		C362A19B1C5C6AFA004667EF /* Release */ = {
			isa = XCBuildConfiguration;
			buildSettings = {
				INFOPLIST_FILE = "The Beating of the GatesUITests/Info.plist";
				LD_RUNPATH_SEARCH_PATHS = "$(inherited) @executable_path/Frameworks @loader_path/Frameworks";
				PRODUCT_BUNDLE_IDENTIFIER = "com.grantjbutler.The-Beating-of-the-GatesUITests";
				PRODUCT_NAME = "$(TARGET_NAME)";
				SDKROOT = appletvos;
				TEST_TARGET_NAME = "The Beating of the Gates";
				TVOS_DEPLOYMENT_TARGET = 9.1;
				USES_XCTRUNNER = YES;
			};
			name = Release;
		};
		C3F474011C5C5FD300B70519 /* Debug */ = {
			isa = XCBuildConfiguration;
			buildSettings = {
				ALWAYS_SEARCH_USER_PATHS = NO;
				CLANG_CXX_LANGUAGE_STANDARD = "gnu++0x";
				CLANG_CXX_LIBRARY = "libc++";
				CLANG_ENABLE_MODULES = YES;
				CLANG_ENABLE_OBJC_ARC = YES;
				CLANG_WARN_BOOL_CONVERSION = YES;
				CLANG_WARN_CONSTANT_CONVERSION = YES;
				CLANG_WARN_DIRECT_OBJC_ISA_USAGE = YES_ERROR;
				CLANG_WARN_EMPTY_BODY = YES;
				CLANG_WARN_ENUM_CONVERSION = YES;
				CLANG_WARN_INT_CONVERSION = YES;
				CLANG_WARN_OBJC_ROOT_CLASS = YES_ERROR;
				CLANG_WARN_UNREACHABLE_CODE = YES;
				CLANG_WARN__DUPLICATE_METHOD_MATCH = YES;
				"CODE_SIGN_IDENTITY[sdk=iphoneos*]" = "iPhone Developer";
				COPY_PHASE_STRIP = NO;
				DEBUG_INFORMATION_FORMAT = dwarf;
				ENABLE_STRICT_OBJC_MSGSEND = YES;
				ENABLE_TESTABILITY = YES;
				GCC_C_LANGUAGE_STANDARD = gnu99;
				GCC_DYNAMIC_NO_PIC = NO;
				GCC_NO_COMMON_BLOCKS = YES;
				GCC_OPTIMIZATION_LEVEL = 0;
				GCC_PREPROCESSOR_DEFINITIONS = (
					"DEBUG=1",
					"$(inherited)",
				);
				GCC_WARN_64_TO_32_BIT_CONVERSION = YES;
				GCC_WARN_ABOUT_RETURN_TYPE = YES_ERROR;
				GCC_WARN_UNDECLARED_SELECTOR = YES;
				GCC_WARN_UNINITIALIZED_AUTOS = YES_AGGRESSIVE;
				GCC_WARN_UNUSED_FUNCTION = YES;
				GCC_WARN_UNUSED_VARIABLE = YES;
				IPHONEOS_DEPLOYMENT_TARGET = 9.2;
				MTL_ENABLE_DEBUG_INFO = YES;
				ONLY_ACTIVE_ARCH = YES;
				SDKROOT = iphoneos;
				SWIFT_OPTIMIZATION_LEVEL = "-Onone";
				TARGETED_DEVICE_FAMILY = "1,2";
			};
			name = Debug;
		};
		C3F474021C5C5FD300B70519 /* Release */ = {
			isa = XCBuildConfiguration;
			buildSettings = {
				ALWAYS_SEARCH_USER_PATHS = NO;
				CLANG_CXX_LANGUAGE_STANDARD = "gnu++0x";
				CLANG_CXX_LIBRARY = "libc++";
				CLANG_ENABLE_MODULES = YES;
				CLANG_ENABLE_OBJC_ARC = YES;
				CLANG_WARN_BOOL_CONVERSION = YES;
				CLANG_WARN_CONSTANT_CONVERSION = YES;
				CLANG_WARN_DIRECT_OBJC_ISA_USAGE = YES_ERROR;
				CLANG_WARN_EMPTY_BODY = YES;
				CLANG_WARN_ENUM_CONVERSION = YES;
				CLANG_WARN_INT_CONVERSION = YES;
				CLANG_WARN_OBJC_ROOT_CLASS = YES_ERROR;
				CLANG_WARN_UNREACHABLE_CODE = YES;
				CLANG_WARN__DUPLICATE_METHOD_MATCH = YES;
				"CODE_SIGN_IDENTITY[sdk=iphoneos*]" = "iPhone Developer";
				COPY_PHASE_STRIP = NO;
				DEBUG_INFORMATION_FORMAT = "dwarf-with-dsym";
				ENABLE_NS_ASSERTIONS = NO;
				ENABLE_STRICT_OBJC_MSGSEND = YES;
				GCC_C_LANGUAGE_STANDARD = gnu99;
				GCC_NO_COMMON_BLOCKS = YES;
				GCC_WARN_64_TO_32_BIT_CONVERSION = YES;
				GCC_WARN_ABOUT_RETURN_TYPE = YES_ERROR;
				GCC_WARN_UNDECLARED_SELECTOR = YES;
				GCC_WARN_UNINITIALIZED_AUTOS = YES_AGGRESSIVE;
				GCC_WARN_UNUSED_FUNCTION = YES;
				GCC_WARN_UNUSED_VARIABLE = YES;
				IPHONEOS_DEPLOYMENT_TARGET = 9.2;
				MTL_ENABLE_DEBUG_INFO = NO;
				SDKROOT = iphoneos;
				TARGETED_DEVICE_FAMILY = "1,2";
				VALIDATE_PRODUCT = YES;
			};
			name = Release;
		};
		C3F474041C5C5FD300B70519 /* Debug */ = {
			isa = XCBuildConfiguration;
			buildSettings = {
				ASSETCATALOG_COMPILER_APPICON_NAME = AppIcon;
				EMBEDDED_CONTENT_CONTAINS_SWIFT = YES;
				FRAMEWORK_SEARCH_PATHS = (
					"$(inherited)",
					"$(PROJECT_DIR)/Carthage/Build/iOS",
					"$(PROJECT_DIR)/Carthage/Build/tvOS",
				);
				INFOPLIST_FILE = "The Beating at the Gates/Info.plist";
				LD_RUNPATH_SEARCH_PATHS = "$(inherited) @executable_path/Frameworks";
				PRODUCT_BUNDLE_IDENTIFIER = "com.grantjbutler.The-Beating-at-the-Gates";
				PRODUCT_NAME = "$(TARGET_NAME)";
			};
			name = Debug;
		};
		C3F474051C5C5FD300B70519 /* Release */ = {
			isa = XCBuildConfiguration;
			buildSettings = {
				ASSETCATALOG_COMPILER_APPICON_NAME = AppIcon;
				EMBEDDED_CONTENT_CONTAINS_SWIFT = YES;
				FRAMEWORK_SEARCH_PATHS = (
					"$(inherited)",
					"$(PROJECT_DIR)/Carthage/Build/iOS",
					"$(PROJECT_DIR)/Carthage/Build/tvOS",
				);
				INFOPLIST_FILE = "The Beating at the Gates/Info.plist";
				LD_RUNPATH_SEARCH_PATHS = "$(inherited) @executable_path/Frameworks";
				PRODUCT_BUNDLE_IDENTIFIER = "com.grantjbutler.The-Beating-at-the-Gates";
				PRODUCT_NAME = "$(TARGET_NAME)";
			};
			name = Release;
		};
		C3F474071C5C5FD300B70519 /* Debug */ = {
			isa = XCBuildConfiguration;
			buildSettings = {
				BUNDLE_LOADER = "$(TEST_HOST)";
				INFOPLIST_FILE = "The Beating at the GatesTests/Info.plist";
				LD_RUNPATH_SEARCH_PATHS = "$(inherited) @executable_path/Frameworks @loader_path/Frameworks";
				PRODUCT_BUNDLE_IDENTIFIER = "com.grantjbutler.The-Beating-at-the-GatesTests";
				PRODUCT_NAME = "$(TARGET_NAME)";
				TEST_HOST = "$(BUILT_PRODUCTS_DIR)/The Beating at the Gates.app/The Beating at the Gates";
			};
			name = Debug;
		};
		C3F474081C5C5FD300B70519 /* Release */ = {
			isa = XCBuildConfiguration;
			buildSettings = {
				BUNDLE_LOADER = "$(TEST_HOST)";
				INFOPLIST_FILE = "The Beating at the GatesTests/Info.plist";
				LD_RUNPATH_SEARCH_PATHS = "$(inherited) @executable_path/Frameworks @loader_path/Frameworks";
				PRODUCT_BUNDLE_IDENTIFIER = "com.grantjbutler.The-Beating-at-the-GatesTests";
				PRODUCT_NAME = "$(TARGET_NAME)";
				TEST_HOST = "$(BUILT_PRODUCTS_DIR)/The Beating at the Gates.app/The Beating at the Gates";
			};
			name = Release;
		};
		C3F4740A1C5C5FD300B70519 /* Debug */ = {
			isa = XCBuildConfiguration;
			buildSettings = {
				INFOPLIST_FILE = "The Beating at the GatesUITests/Info.plist";
				LD_RUNPATH_SEARCH_PATHS = "$(inherited) @executable_path/Frameworks @loader_path/Frameworks";
				PRODUCT_BUNDLE_IDENTIFIER = "com.grantjbutler.The-Beating-at-the-GatesUITests";
				PRODUCT_NAME = "$(TARGET_NAME)";
				TEST_TARGET_NAME = "The Beating at the Gates";
				USES_XCTRUNNER = YES;
			};
			name = Debug;
		};
		C3F4740B1C5C5FD300B70519 /* Release */ = {
			isa = XCBuildConfiguration;
			buildSettings = {
				INFOPLIST_FILE = "The Beating at the GatesUITests/Info.plist";
				LD_RUNPATH_SEARCH_PATHS = "$(inherited) @executable_path/Frameworks @loader_path/Frameworks";
				PRODUCT_BUNDLE_IDENTIFIER = "com.grantjbutler.The-Beating-at-the-GatesUITests";
				PRODUCT_NAME = "$(TARGET_NAME)";
				TEST_TARGET_NAME = "The Beating at the Gates";
				USES_XCTRUNNER = YES;
			};
			name = Release;
		};
		C3FFF3CE1C5D06D1009961A5 /* Debug */ = {
			isa = XCBuildConfiguration;
			buildSettings = {
				CLANG_ENABLE_MODULES = NO;
				CODE_SIGN_IDENTITY = "iPhone Developer";
				CURRENT_PROJECT_VERSION = 1;
				DEFINES_MODULE = YES;
				DYLIB_COMPATIBILITY_VERSION = 1;
				DYLIB_CURRENT_VERSION = 1;
				DYLIB_INSTALL_NAME_BASE = "@rpath";
				GCC_PRECOMPILE_PREFIX_HEADER = YES;
				GCC_PREFIX_HEADER = "CMUnistrokeGestureRecognizer/CMUnistrokeGestureRecognizer-Prefix.pch";
				INFOPLIST_FILE = CMUnistrokeGestureRecognizer/Info.plist;
				INSTALL_PATH = "$(LOCAL_LIBRARY_DIR)/Frameworks";
				LD_RUNPATH_SEARCH_PATHS = "$(inherited) @executable_path/Frameworks @loader_path/Frameworks";
				PRODUCT_BUNDLE_IDENTIFIER = com.grantjbutler.CMUnistrokeGestureRecognizer;
				PRODUCT_NAME = "$(TARGET_NAME)";
				SKIP_INSTALL = YES;
				VERSIONING_SYSTEM = "apple-generic";
				VERSION_INFO_PREFIX = "";
			};
			name = Debug;
		};
		C3FFF3CF1C5D06D1009961A5 /* Release */ = {
			isa = XCBuildConfiguration;
			buildSettings = {
				CLANG_ENABLE_MODULES = NO;
				CODE_SIGN_IDENTITY = "iPhone Developer";
				CURRENT_PROJECT_VERSION = 1;
				DEFINES_MODULE = YES;
				DYLIB_COMPATIBILITY_VERSION = 1;
				DYLIB_CURRENT_VERSION = 1;
				DYLIB_INSTALL_NAME_BASE = "@rpath";
				GCC_PRECOMPILE_PREFIX_HEADER = YES;
				GCC_PREFIX_HEADER = "CMUnistrokeGestureRecognizer/CMUnistrokeGestureRecognizer-Prefix.pch";
				INFOPLIST_FILE = CMUnistrokeGestureRecognizer/Info.plist;
				INSTALL_PATH = "$(LOCAL_LIBRARY_DIR)/Frameworks";
				LD_RUNPATH_SEARCH_PATHS = "$(inherited) @executable_path/Frameworks @loader_path/Frameworks";
				PRODUCT_BUNDLE_IDENTIFIER = com.grantjbutler.CMUnistrokeGestureRecognizer;
				PRODUCT_NAME = "$(TARGET_NAME)";
				SKIP_INSTALL = YES;
				VERSIONING_SYSTEM = "apple-generic";
				VERSION_INFO_PREFIX = "";
			};
			name = Release;
		};
		C3FFF45A1C5DA2C9009961A5 /* Debug */ = {
			isa = XCBuildConfiguration;
			buildSettings = {
				CURRENT_PROJECT_VERSION = 1;
				DEFINES_MODULE = YES;
				DYLIB_COMPATIBILITY_VERSION = 1;
				DYLIB_CURRENT_VERSION = 1;
				DYLIB_INSTALL_NAME_BASE = "@rpath";
				INFOPLIST_FILE = BBGroover/Info.plist;
				INSTALL_PATH = "$(LOCAL_LIBRARY_DIR)/Frameworks";
				LD_RUNPATH_SEARCH_PATHS = "$(inherited) @executable_path/Frameworks @loader_path/Frameworks";
				PRODUCT_BUNDLE_IDENTIFIER = com.grantjbutler.BBGroover;
				PRODUCT_NAME = "$(TARGET_NAME)";
				SKIP_INSTALL = YES;
				VERSIONING_SYSTEM = "apple-generic";
				VERSION_INFO_PREFIX = "";
			};
			name = Debug;
		};
		C3FFF45B1C5DA2C9009961A5 /* Release */ = {
			isa = XCBuildConfiguration;
			buildSettings = {
				CURRENT_PROJECT_VERSION = 1;
				DEFINES_MODULE = YES;
				DYLIB_COMPATIBILITY_VERSION = 1;
				DYLIB_CURRENT_VERSION = 1;
				DYLIB_INSTALL_NAME_BASE = "@rpath";
				INFOPLIST_FILE = BBGroover/Info.plist;
				INSTALL_PATH = "$(LOCAL_LIBRARY_DIR)/Frameworks";
				LD_RUNPATH_SEARCH_PATHS = "$(inherited) @executable_path/Frameworks @loader_path/Frameworks";
				PRODUCT_BUNDLE_IDENTIFIER = com.grantjbutler.BBGroover;
				PRODUCT_NAME = "$(TARGET_NAME)";
				SKIP_INSTALL = YES;
				VERSIONING_SYSTEM = "apple-generic";
				VERSION_INFO_PREFIX = "";
			};
			name = Release;
		};
/* End XCBuildConfiguration section */

/* Begin XCConfigurationList section */
		4C75630A1C5D268500B1FC01 /* Build configuration list for PBXNativeTarget "BeatingGatesCommon" */ = {
			isa = XCConfigurationList;
			buildConfigurations = (
				4C7563061C5D268500B1FC01 /* Debug */,
				4C7563071C5D268500B1FC01 /* Release */,
			);
			defaultConfigurationIsVisible = 0;
			defaultConfigurationName = Release;
		};
		4C75630B1C5D268500B1FC01 /* Build configuration list for PBXNativeTarget "BeatingGatesCommonTests" */ = {
			isa = XCConfigurationList;
			buildConfigurations = (
				4C7563081C5D268500B1FC01 /* Debug */,
				4C7563091C5D268500B1FC01 /* Release */,
			);
			defaultConfigurationIsVisible = 0;
			defaultConfigurationName = Release;
		};
		C362A19C1C5C6AFA004667EF /* Build configuration list for PBXNativeTarget "The Beating of the Gates-tvOS" */ = {
			isa = XCConfigurationList;
			buildConfigurations = (
				C362A1961C5C6AFA004667EF /* Debug */,
				C362A1971C5C6AFA004667EF /* Release */,
			);
			defaultConfigurationIsVisible = 0;
			defaultConfigurationName = Release;
		};
		C362A19D1C5C6AFA004667EF /* Build configuration list for PBXNativeTarget "The Beating of the GatesTests-tvOS" */ = {
			isa = XCConfigurationList;
			buildConfigurations = (
				C362A1981C5C6AFA004667EF /* Debug */,
				C362A1991C5C6AFA004667EF /* Release */,
			);
			defaultConfigurationIsVisible = 0;
			defaultConfigurationName = Release;
		};
		C362A19E1C5C6AFA004667EF /* Build configuration list for PBXNativeTarget "The Beating of the GatesUITests-tvOS" */ = {
			isa = XCConfigurationList;
			buildConfigurations = (
				C362A19A1C5C6AFA004667EF /* Debug */,
				C362A19B1C5C6AFA004667EF /* Release */,
			);
			defaultConfigurationIsVisible = 0;
			defaultConfigurationName = Release;
		};
		C3F473D61C5C5FD300B70519 /* Build configuration list for PBXProject "The Beating at the Gates" */ = {
			isa = XCConfigurationList;
			buildConfigurations = (
				C3F474011C5C5FD300B70519 /* Debug */,
				C3F474021C5C5FD300B70519 /* Release */,
			);
			defaultConfigurationIsVisible = 0;
			defaultConfigurationName = Release;
		};
		C3F474031C5C5FD300B70519 /* Build configuration list for PBXNativeTarget "The Beating at the Gates-iOS" */ = {
			isa = XCConfigurationList;
			buildConfigurations = (
				C3F474041C5C5FD300B70519 /* Debug */,
				C3F474051C5C5FD300B70519 /* Release */,
			);
			defaultConfigurationIsVisible = 0;
			defaultConfigurationName = Release;
		};
		C3F474061C5C5FD300B70519 /* Build configuration list for PBXNativeTarget "The Beating at the GatesTests-iOS" */ = {
			isa = XCConfigurationList;
			buildConfigurations = (
				C3F474071C5C5FD300B70519 /* Debug */,
				C3F474081C5C5FD300B70519 /* Release */,
			);
			defaultConfigurationIsVisible = 0;
			defaultConfigurationName = Release;
		};
		C3F474091C5C5FD300B70519 /* Build configuration list for PBXNativeTarget "The Beating at the GatesUITests-iOS" */ = {
			isa = XCConfigurationList;
			buildConfigurations = (
				C3F4740A1C5C5FD300B70519 /* Debug */,
				C3F4740B1C5C5FD300B70519 /* Release */,
			);
			defaultConfigurationIsVisible = 0;
			defaultConfigurationName = Release;
		};
		C3FFF3CD1C5D06D1009961A5 /* Build configuration list for PBXNativeTarget "CMUnistrokeGestureRecognizer" */ = {
			isa = XCConfigurationList;
			buildConfigurations = (
				C3FFF3CE1C5D06D1009961A5 /* Debug */,
				C3FFF3CF1C5D06D1009961A5 /* Release */,
			);
			defaultConfigurationIsVisible = 0;
			defaultConfigurationName = Release;
		};
		C3FFF4591C5DA2C9009961A5 /* Build configuration list for PBXNativeTarget "BBGroover" */ = {
			isa = XCConfigurationList;
			buildConfigurations = (
				C3FFF45A1C5DA2C9009961A5 /* Debug */,
				C3FFF45B1C5DA2C9009961A5 /* Release */,
			);
			defaultConfigurationIsVisible = 0;
		};
/* End XCConfigurationList section */
	};
	rootObject = C3F473D31C5C5FD300B70519 /* Project object */;
}
